// !$*UTF8*$!
{
	archiveVersion = 1;
	classes = {
	};
	objectVersion = 56;
	objects = {

/* Begin PBXBuildFile section */
		162896842CC18515005A2399 /* ColourComparisonView.swift in Sources */ = {isa = PBXBuildFile; fileRef = 162896832CC18515005A2399 /* ColourComparisonView.swift */; };
		162896892CC1A6CD005A2399 /* UserPaletteViewModel.swift in Sources */ = {isa = PBXBuildFile; fileRef = 162896882CC1A6CD005A2399 /* UserPaletteViewModel.swift */; };
		1628968B2CC1A6FD005A2399 /* UserPalette.swift in Sources */ = {isa = PBXBuildFile; fileRef = 1628968A2CC1A6FD005A2399 /* UserPalette.swift */; };
		1628968D2CC1A811005A2399 /* PaletteListViewModel.swift in Sources */ = {isa = PBXBuildFile; fileRef = 1628968C2CC1A811005A2399 /* PaletteListViewModel.swift */; };
		162896BC2CC32B48005A2399 /* PaletteListView.swift in Sources */ = {isa = PBXBuildFile; fileRef = 162896BB2CC32B48005A2399 /* PaletteListView.swift */; };
		162896BE2CC353AC005A2399 /* ReginaldTabView.swift in Sources */ = {isa = PBXBuildFile; fileRef = 162896BD2CC353AC005A2399 /* ReginaldTabView.swift */; };
		162896C62CC57C99005A2399 /* PaletteListItemView.swift in Sources */ = {isa = PBXBuildFile; fileRef = 162896C52CC57C99005A2399 /* PaletteListItemView.swift */; };
		162896C82CC587FC005A2399 /* UserPaletteView.swift in Sources */ = {isa = PBXBuildFile; fileRef = 162896C72CC587FC005A2399 /* UserPaletteView.swift */; };
		16ED0D232CBED1C500ADCA3B /* ReginaldKuenstlerApp.swift in Sources */ = {isa = PBXBuildFile; fileRef = 16ED0D222CBED1C500ADCA3B /* ReginaldKuenstlerApp.swift */; };
		16ED0D252CBED1C500ADCA3B /* ContentView.swift in Sources */ = {isa = PBXBuildFile; fileRef = 16ED0D242CBED1C500ADCA3B /* ContentView.swift */; };
		16ED0D272CBED1C700ADCA3B /* Assets.xcassets in Resources */ = {isa = PBXBuildFile; fileRef = 16ED0D262CBED1C700ADCA3B /* Assets.xcassets */; };
		16ED0D2A2CBED1C700ADCA3B /* Preview Assets.xcassets in Resources */ = {isa = PBXBuildFile; fileRef = 16ED0D292CBED1C700ADCA3B /* Preview Assets.xcassets */; };
		16ED0D342CBED1C700ADCA3B /* ReginaldKuenstlerTests.swift in Sources */ = {isa = PBXBuildFile; fileRef = 16ED0D332CBED1C700ADCA3B /* ReginaldKuenstlerTests.swift */; };
		16ED0D3E2CBED1C700ADCA3B /* ReginaldKuenstlerUITests.swift in Sources */ = {isa = PBXBuildFile; fileRef = 16ED0D3D2CBED1C700ADCA3B /* ReginaldKuenstlerUITests.swift */; };
		16ED0D402CBED1C700ADCA3B /* ReginaldKuenstlerUITestsLaunchTests.swift in Sources */ = {isa = PBXBuildFile; fileRef = 16ED0D3F2CBED1C700ADCA3B /* ReginaldKuenstlerUITestsLaunchTests.swift */; };
		16ED0D4E2CBED8B500ADCA3B /* SwiftVibrantium in Frameworks */ = {isa = PBXBuildFile; productRef = 16ED0D4D2CBED8B500ADCA3B /* SwiftVibrantium */; };
		16ED0D512CBFFAC100ADCA3B /* ColourMapper.swift in Sources */ = {isa = PBXBuildFile; fileRef = 16ED0D502CBFFAC100ADCA3B /* ColourMapper.swift */; };
		16ED0D532CC0112B00ADCA3B /* colourmap.csv in Resources */ = {isa = PBXBuildFile; fileRef = 16ED0D522CC0112A00ADCA3B /* colourmap.csv */; };
		16ED0D562CC0170500ADCA3B /* ColourConverter.swift in Sources */ = {isa = PBXBuildFile; fileRef = 16ED0D552CC0170500ADCA3B /* ColourConverter.swift */; };
		16ED0D592CC0964B00ADCA3B /* KuenstlerViewModel.swift in Sources */ = {isa = PBXBuildFile; fileRef = 16ED0D582CC0964B00ADCA3B /* KuenstlerViewModel.swift */; };
		16ED0D992CC152B200ADCA3B /* ColourPair.swift in Sources */ = {isa = PBXBuildFile; fileRef = 16ED0D982CC152B200ADCA3B /* ColourPair.swift */; };
		16ED0D9C2CC1538800ADCA3B /* ImagePicker.swift in Sources */ = {isa = PBXBuildFile; fileRef = 16ED0D9B2CC1538800ADCA3B /* ImagePicker.swift */; };
		16ED0D9F2CC153A400ADCA3B /* ImageAnalysisView.swift in Sources */ = {isa = PBXBuildFile; fileRef = 16ED0D9E2CC153A400ADCA3B /* ImageAnalysisView.swift */; };
		16ED0DA12CC162AC00ADCA3B /* VColour.swift in Sources */ = {isa = PBXBuildFile; fileRef = 16ED0DA02CC162AC00ADCA3B /* VColour.swift */; };
		16ED0DA32CC162CF00ADCA3B /* UIColor+Converter.swift in Sources */ = {isa = PBXBuildFile; fileRef = 16ED0DA22CC162CF00ADCA3B /* UIColor+Converter.swift */; };
		16ED0DA62CC166D200ADCA3B /* Artwork.swift in Sources */ = {isa = PBXBuildFile; fileRef = 16ED0DA52CC166D200ADCA3B /* Artwork.swift */; };
		16ED0DA82CC166E600ADCA3B /* Palette.swift in Sources */ = {isa = PBXBuildFile; fileRef = 16ED0DA72CC166E600ADCA3B /* Palette.swift */; };
/* End PBXBuildFile section */

/* Begin PBXContainerItemProxy section */
		16ED0D302CBED1C700ADCA3B /* PBXContainerItemProxy */ = {
			isa = PBXContainerItemProxy;
			containerPortal = 16ED0D172CBED1C400ADCA3B /* Project object */;
			proxyType = 1;
			remoteGlobalIDString = 16ED0D1E2CBED1C400ADCA3B;
			remoteInfo = ReginaldKuenstler;
		};
		16ED0D3A2CBED1C700ADCA3B /* PBXContainerItemProxy */ = {
			isa = PBXContainerItemProxy;
			containerPortal = 16ED0D172CBED1C400ADCA3B /* Project object */;
			proxyType = 1;
			remoteGlobalIDString = 16ED0D1E2CBED1C400ADCA3B;
			remoteInfo = ReginaldKuenstler;
		};
/* End PBXContainerItemProxy section */

/* Begin PBXFileReference section */
		162896832CC18515005A2399 /* ColourComparisonView.swift */ = {isa = PBXFileReference; lastKnownFileType = sourcecode.swift; path = ColourComparisonView.swift; sourceTree = "<group>"; };
		162896882CC1A6CD005A2399 /* UserPaletteViewModel.swift */ = {isa = PBXFileReference; lastKnownFileType = sourcecode.swift; path = UserPaletteViewModel.swift; sourceTree = "<group>"; };
		1628968A2CC1A6FD005A2399 /* UserPalette.swift */ = {isa = PBXFileReference; lastKnownFileType = sourcecode.swift; path = UserPalette.swift; sourceTree = "<group>"; };
		1628968C2CC1A811005A2399 /* PaletteListViewModel.swift */ = {isa = PBXFileReference; lastKnownFileType = sourcecode.swift; path = PaletteListViewModel.swift; sourceTree = "<group>"; };
		162896BB2CC32B48005A2399 /* PaletteListView.swift */ = {isa = PBXFileReference; lastKnownFileType = sourcecode.swift; path = PaletteListView.swift; sourceTree = "<group>"; };
		162896BD2CC353AC005A2399 /* ReginaldTabView.swift */ = {isa = PBXFileReference; lastKnownFileType = sourcecode.swift; path = ReginaldTabView.swift; sourceTree = "<group>"; };
		162896C52CC57C99005A2399 /* PaletteListItemView.swift */ = {isa = PBXFileReference; lastKnownFileType = sourcecode.swift; path = PaletteListItemView.swift; sourceTree = "<group>"; };
		162896C72CC587FC005A2399 /* UserPaletteView.swift */ = {isa = PBXFileReference; lastKnownFileType = sourcecode.swift; path = UserPaletteView.swift; sourceTree = "<group>"; };
		16ED0D1F2CBED1C500ADCA3B /* ReginaldKuenstler.app */ = {isa = PBXFileReference; explicitFileType = wrapper.application; includeInIndex = 0; path = ReginaldKuenstler.app; sourceTree = BUILT_PRODUCTS_DIR; };
		16ED0D222CBED1C500ADCA3B /* ReginaldKuenstlerApp.swift */ = {isa = PBXFileReference; lastKnownFileType = sourcecode.swift; path = ReginaldKuenstlerApp.swift; sourceTree = "<group>"; };
		16ED0D242CBED1C500ADCA3B /* ContentView.swift */ = {isa = PBXFileReference; lastKnownFileType = sourcecode.swift; path = ContentView.swift; sourceTree = "<group>"; };
		16ED0D262CBED1C700ADCA3B /* Assets.xcassets */ = {isa = PBXFileReference; lastKnownFileType = folder.assetcatalog; path = Assets.xcassets; sourceTree = "<group>"; };
		16ED0D292CBED1C700ADCA3B /* Preview Assets.xcassets */ = {isa = PBXFileReference; lastKnownFileType = folder.assetcatalog; path = "Preview Assets.xcassets"; sourceTree = "<group>"; };
		16ED0D2F2CBED1C700ADCA3B /* ReginaldKuenstlerTests.xctest */ = {isa = PBXFileReference; explicitFileType = wrapper.cfbundle; includeInIndex = 0; path = ReginaldKuenstlerTests.xctest; sourceTree = BUILT_PRODUCTS_DIR; };
		16ED0D332CBED1C700ADCA3B /* ReginaldKuenstlerTests.swift */ = {isa = PBXFileReference; lastKnownFileType = sourcecode.swift; path = ReginaldKuenstlerTests.swift; sourceTree = "<group>"; };
		16ED0D392CBED1C700ADCA3B /* ReginaldKuenstlerUITests.xctest */ = {isa = PBXFileReference; explicitFileType = wrapper.cfbundle; includeInIndex = 0; path = ReginaldKuenstlerUITests.xctest; sourceTree = BUILT_PRODUCTS_DIR; };
		16ED0D3D2CBED1C700ADCA3B /* ReginaldKuenstlerUITests.swift */ = {isa = PBXFileReference; lastKnownFileType = sourcecode.swift; path = ReginaldKuenstlerUITests.swift; sourceTree = "<group>"; };
		16ED0D3F2CBED1C700ADCA3B /* ReginaldKuenstlerUITestsLaunchTests.swift */ = {isa = PBXFileReference; lastKnownFileType = sourcecode.swift; path = ReginaldKuenstlerUITestsLaunchTests.swift; sourceTree = "<group>"; };
		16ED0D502CBFFAC100ADCA3B /* ColourMapper.swift */ = {isa = PBXFileReference; lastKnownFileType = sourcecode.swift; path = ColourMapper.swift; sourceTree = "<group>"; };
		16ED0D522CC0112A00ADCA3B /* colourmap.csv */ = {isa = PBXFileReference; lastKnownFileType = text; name = colourmap.csv; path = mapper/colourmap.csv; sourceTree = SOURCE_ROOT; };
		16ED0D552CC0170500ADCA3B /* ColourConverter.swift */ = {isa = PBXFileReference; lastKnownFileType = sourcecode.swift; path = ColourConverter.swift; sourceTree = "<group>"; };
		16ED0D582CC0964B00ADCA3B /* KuenstlerViewModel.swift */ = {isa = PBXFileReference; lastKnownFileType = sourcecode.swift; path = KuenstlerViewModel.swift; sourceTree = "<group>"; };
		16ED0D5A2CC0972500ADCA3B /* Info.md */ = {isa = PBXFileReference; lastKnownFileType = net.daringfireball.markdown; path = Info.md; sourceTree = "<group>"; };
		16ED0D982CC152B200ADCA3B /* ColourPair.swift */ = {isa = PBXFileReference; lastKnownFileType = sourcecode.swift; path = ColourPair.swift; sourceTree = "<group>"; };
		16ED0D9B2CC1538800ADCA3B /* ImagePicker.swift */ = {isa = PBXFileReference; lastKnownFileType = sourcecode.swift; path = ImagePicker.swift; sourceTree = "<group>"; };
		16ED0D9E2CC153A400ADCA3B /* ImageAnalysisView.swift */ = {isa = PBXFileReference; lastKnownFileType = sourcecode.swift; path = ImageAnalysisView.swift; sourceTree = "<group>"; };
		16ED0DA02CC162AC00ADCA3B /* VColour.swift */ = {isa = PBXFileReference; lastKnownFileType = sourcecode.swift; path = VColour.swift; sourceTree = "<group>"; };
		16ED0DA22CC162CF00ADCA3B /* UIColor+Converter.swift */ = {isa = PBXFileReference; lastKnownFileType = sourcecode.swift; path = "UIColor+Converter.swift"; sourceTree = "<group>"; };
		16ED0DA52CC166D200ADCA3B /* Artwork.swift */ = {isa = PBXFileReference; lastKnownFileType = sourcecode.swift; path = Artwork.swift; sourceTree = "<group>"; };
		16ED0DA72CC166E600ADCA3B /* Palette.swift */ = {isa = PBXFileReference; lastKnownFileType = sourcecode.swift; path = Palette.swift; sourceTree = "<group>"; };
/* End PBXFileReference section */

/* Begin PBXFrameworksBuildPhase section */
		16ED0D1C2CBED1C400ADCA3B /* Frameworks */ = {
			isa = PBXFrameworksBuildPhase;
			buildActionMask = 2147483647;
			files = (
				16ED0D4E2CBED8B500ADCA3B /* SwiftVibrantium in Frameworks */,
			);
			runOnlyForDeploymentPostprocessing = 0;
		};
		16ED0D2C2CBED1C700ADCA3B /* Frameworks */ = {
			isa = PBXFrameworksBuildPhase;
			buildActionMask = 2147483647;
			files = (
			);
			runOnlyForDeploymentPostprocessing = 0;
		};
		16ED0D362CBED1C700ADCA3B /* Frameworks */ = {
			isa = PBXFrameworksBuildPhase;
			buildActionMask = 2147483647;
			files = (
			);
			runOnlyForDeploymentPostprocessing = 0;
		};
/* End PBXFrameworksBuildPhase section */

/* Begin PBXGroup section */
		162896C42CC57C85005A2399 /* PaletteList */ = {
			isa = PBXGroup;
			children = (
				162896BB2CC32B48005A2399 /* PaletteListView.swift */,
				162896C52CC57C99005A2399 /* PaletteListItemView.swift */,
			);
			path = PaletteList;
			sourceTree = "<group>";
		};
		16ED0D162CBED1C400ADCA3B = {
			isa = PBXGroup;
			children = (
				16ED0D212CBED1C500ADCA3B /* ReginaldKuenstler */,
				16ED0D322CBED1C700ADCA3B /* ReginaldKuenstlerTests */,
				16ED0D3C2CBED1C700ADCA3B /* ReginaldKuenstlerUITests */,
				16ED0D202CBED1C500ADCA3B /* Products */,
			);
			sourceTree = "<group>";
		};
		16ED0D202CBED1C500ADCA3B /* Products */ = {
			isa = PBXGroup;
			children = (
				16ED0D1F2CBED1C500ADCA3B /* ReginaldKuenstler.app */,
				16ED0D2F2CBED1C700ADCA3B /* ReginaldKuenstlerTests.xctest */,
				16ED0D392CBED1C700ADCA3B /* ReginaldKuenstlerUITests.xctest */,
			);
			name = Products;
			sourceTree = "<group>";
		};
		16ED0D212CBED1C500ADCA3B /* ReginaldKuenstler */ = {
			isa = PBXGroup;
			children = (
				16ED0D9D2CC1539600ADCA3B /* View */,
				16ED0D9A2CC1537A00ADCA3B /* Components */,
				16ED0D972CC152A000ADCA3B /* Model */,
				16ED0D572CC0905100ADCA3B /* ViewModel */,
				16ED0D542CC016F000ADCA3B /* Util */,
				16ED0D4F2CBFFAB800ADCA3B /* Data */,
				16ED0D242CBED1C500ADCA3B /* ContentView.swift */,
				16ED0D222CBED1C500ADCA3B /* ReginaldKuenstlerApp.swift */,
				16ED0D262CBED1C700ADCA3B /* Assets.xcassets */,
				16ED0D282CBED1C700ADCA3B /* Preview Content */,
				16ED0D5A2CC0972500ADCA3B /* Info.md */,
			);
			path = ReginaldKuenstler;
			sourceTree = "<group>";
		};
		16ED0D282CBED1C700ADCA3B /* Preview Content */ = {
			isa = PBXGroup;
			children = (
				16ED0D292CBED1C700ADCA3B /* Preview Assets.xcassets */,
			);
			path = "Preview Content";
			sourceTree = "<group>";
		};
		16ED0D322CBED1C700ADCA3B /* ReginaldKuenstlerTests */ = {
			isa = PBXGroup;
			children = (
				16ED0D332CBED1C700ADCA3B /* ReginaldKuenstlerTests.swift */,
			);
			path = ReginaldKuenstlerTests;
			sourceTree = "<group>";
		};
		16ED0D3C2CBED1C700ADCA3B /* ReginaldKuenstlerUITests */ = {
			isa = PBXGroup;
			children = (
				16ED0D3D2CBED1C700ADCA3B /* ReginaldKuenstlerUITests.swift */,
				16ED0D3F2CBED1C700ADCA3B /* ReginaldKuenstlerUITestsLaunchTests.swift */,
			);
			path = ReginaldKuenstlerUITests;
			sourceTree = "<group>";
		};
		16ED0D4F2CBFFAB800ADCA3B /* Data */ = {
			isa = PBXGroup;
			children = (
				16ED0D522CC0112A00ADCA3B /* colourmap.csv */,
				16ED0D502CBFFAC100ADCA3B /* ColourMapper.swift */,
			);
			path = Data;
			sourceTree = "<group>";
		};
		16ED0D542CC016F000ADCA3B /* Util */ = {
			isa = PBXGroup;
			children = (
				16ED0D552CC0170500ADCA3B /* ColourConverter.swift */,
				16ED0DA22CC162CF00ADCA3B /* UIColor+Converter.swift */,
			);
			path = Util;
			sourceTree = "<group>";
		};
		16ED0D572CC0905100ADCA3B /* ViewModel */ = {
			isa = PBXGroup;
			children = (
				16ED0D582CC0964B00ADCA3B /* KuenstlerViewModel.swift */,
				162896882CC1A6CD005A2399 /* UserPaletteViewModel.swift */,
				1628968C2CC1A811005A2399 /* PaletteListViewModel.swift */,
			);
			path = ViewModel;
			sourceTree = "<group>";
		};
		16ED0D972CC152A000ADCA3B /* Model */ = {
			isa = PBXGroup;
			children = (
				16ED0D982CC152B200ADCA3B /* ColourPair.swift */,
				16ED0DA02CC162AC00ADCA3B /* VColour.swift */,
				16ED0DA52CC166D200ADCA3B /* Artwork.swift */,
				16ED0DA72CC166E600ADCA3B /* Palette.swift */,
				1628968A2CC1A6FD005A2399 /* UserPalette.swift */,
			);
			path = Model;
			sourceTree = "<group>";
		};
		16ED0D9A2CC1537A00ADCA3B /* Components */ = {
			isa = PBXGroup;
			children = (
				16ED0D9B2CC1538800ADCA3B /* ImagePicker.swift */,
			);
			path = Components;
			sourceTree = "<group>";
		};
		16ED0D9D2CC1539600ADCA3B /* View */ = {
			isa = PBXGroup;
			children = (
				162896C42CC57C85005A2399 /* PaletteList */,
				16ED0D9E2CC153A400ADCA3B /* ImageAnalysisView.swift */,
				162896832CC18515005A2399 /* ColourComparisonView.swift */,
				162896BD2CC353AC005A2399 /* ReginaldTabView.swift */,
				162896C72CC587FC005A2399 /* UserPaletteView.swift */,
			);
			path = View;
			sourceTree = "<group>";
		};
/* End PBXGroup section */

/* Begin PBXNativeTarget section */
		16ED0D1E2CBED1C400ADCA3B /* ReginaldKuenstler */ = {
			isa = PBXNativeTarget;
			buildConfigurationList = 16ED0D432CBED1C700ADCA3B /* Build configuration list for PBXNativeTarget "ReginaldKuenstler" */;
			buildPhases = (
				16ED0D1B2CBED1C400ADCA3B /* Sources */,
				16ED0D1C2CBED1C400ADCA3B /* Frameworks */,
				16ED0D1D2CBED1C400ADCA3B /* Resources */,
			);
			buildRules = (
			);
			dependencies = (
			);
			name = ReginaldKuenstler;
			packageProductDependencies = (
				16ED0D4D2CBED8B500ADCA3B /* SwiftVibrantium */,
			);
			productName = ReginaldKuenstler;
			productReference = 16ED0D1F2CBED1C500ADCA3B /* ReginaldKuenstler.app */;
			productType = "com.apple.product-type.application";
		};
		16ED0D2E2CBED1C700ADCA3B /* ReginaldKuenstlerTests */ = {
			isa = PBXNativeTarget;
			buildConfigurationList = 16ED0D462CBED1C700ADCA3B /* Build configuration list for PBXNativeTarget "ReginaldKuenstlerTests" */;
			buildPhases = (
				16ED0D2B2CBED1C700ADCA3B /* Sources */,
				16ED0D2C2CBED1C700ADCA3B /* Frameworks */,
				16ED0D2D2CBED1C700ADCA3B /* Resources */,
			);
			buildRules = (
			);
			dependencies = (
				16ED0D312CBED1C700ADCA3B /* PBXTargetDependency */,
			);
			name = ReginaldKuenstlerTests;
			productName = ReginaldKuenstlerTests;
			productReference = 16ED0D2F2CBED1C700ADCA3B /* ReginaldKuenstlerTests.xctest */;
			productType = "com.apple.product-type.bundle.unit-test";
		};
		16ED0D382CBED1C700ADCA3B /* ReginaldKuenstlerUITests */ = {
			isa = PBXNativeTarget;
			buildConfigurationList = 16ED0D492CBED1C700ADCA3B /* Build configuration list for PBXNativeTarget "ReginaldKuenstlerUITests" */;
			buildPhases = (
				16ED0D352CBED1C700ADCA3B /* Sources */,
				16ED0D362CBED1C700ADCA3B /* Frameworks */,
				16ED0D372CBED1C700ADCA3B /* Resources */,
			);
			buildRules = (
			);
			dependencies = (
				16ED0D3B2CBED1C700ADCA3B /* PBXTargetDependency */,
			);
			name = ReginaldKuenstlerUITests;
			productName = ReginaldKuenstlerUITests;
			productReference = 16ED0D392CBED1C700ADCA3B /* ReginaldKuenstlerUITests.xctest */;
			productType = "com.apple.product-type.bundle.ui-testing";
		};
/* End PBXNativeTarget section */

/* Begin PBXProject section */
		16ED0D172CBED1C400ADCA3B /* Project object */ = {
			isa = PBXProject;
			attributes = {
				BuildIndependentTargetsInParallel = 1;
				LastSwiftUpdateCheck = 1500;
				LastUpgradeCheck = 1500;
				TargetAttributes = {
					16ED0D1E2CBED1C400ADCA3B = {
						CreatedOnToolsVersion = 15.0;
					};
					16ED0D2E2CBED1C700ADCA3B = {
						CreatedOnToolsVersion = 15.0;
						TestTargetID = 16ED0D1E2CBED1C400ADCA3B;
					};
					16ED0D382CBED1C700ADCA3B = {
						CreatedOnToolsVersion = 15.0;
						TestTargetID = 16ED0D1E2CBED1C400ADCA3B;
					};
				};
			};
			buildConfigurationList = 16ED0D1A2CBED1C400ADCA3B /* Build configuration list for PBXProject "ReginaldKuenstler" */;
			compatibilityVersion = "Xcode 14.0";
			developmentRegion = en;
			hasScannedForEncodings = 0;
			knownRegions = (
				en,
				Base,
			);
			mainGroup = 16ED0D162CBED1C400ADCA3B;
			packageReferences = (
				16ED0D4C2CBED8B500ADCA3B /* XCRemoteSwiftPackageReference "swift-vibrantium" */,
			);
			productRefGroup = 16ED0D202CBED1C500ADCA3B /* Products */;
			projectDirPath = "";
			projectRoot = "";
			targets = (
				16ED0D1E2CBED1C400ADCA3B /* ReginaldKuenstler */,
				16ED0D2E2CBED1C700ADCA3B /* ReginaldKuenstlerTests */,
				16ED0D382CBED1C700ADCA3B /* ReginaldKuenstlerUITests */,
			);
		};
/* End PBXProject section */

/* Begin PBXResourcesBuildPhase section */
		16ED0D1D2CBED1C400ADCA3B /* Resources */ = {
			isa = PBXResourcesBuildPhase;
			buildActionMask = 2147483647;
			files = (
				16ED0D2A2CBED1C700ADCA3B /* Preview Assets.xcassets in Resources */,
				16ED0D272CBED1C700ADCA3B /* Assets.xcassets in Resources */,
				16ED0D532CC0112B00ADCA3B /* colourmap.csv in Resources */,
			);
			runOnlyForDeploymentPostprocessing = 0;
		};
		16ED0D2D2CBED1C700ADCA3B /* Resources */ = {
			isa = PBXResourcesBuildPhase;
			buildActionMask = 2147483647;
			files = (
			);
			runOnlyForDeploymentPostprocessing = 0;
		};
		16ED0D372CBED1C700ADCA3B /* Resources */ = {
			isa = PBXResourcesBuildPhase;
			buildActionMask = 2147483647;
			files = (
			);
			runOnlyForDeploymentPostprocessing = 0;
		};
/* End PBXResourcesBuildPhase section */

/* Begin PBXSourcesBuildPhase section */
		16ED0D1B2CBED1C400ADCA3B /* Sources */ = {
			isa = PBXSourcesBuildPhase;
			buildActionMask = 2147483647;
			files = (
				162896BC2CC32B48005A2399 /* PaletteListView.swift in Sources */,
				162896C62CC57C99005A2399 /* PaletteListItemView.swift in Sources */,
				16ED0D562CC0170500ADCA3B /* ColourConverter.swift in Sources */,
				162896892CC1A6CD005A2399 /* UserPaletteViewModel.swift in Sources */,
				16ED0DA62CC166D200ADCA3B /* Artwork.swift in Sources */,
				16ED0D512CBFFAC100ADCA3B /* ColourMapper.swift in Sources */,
				162896C82CC587FC005A2399 /* UserPaletteView.swift in Sources */,
				16ED0DA82CC166E600ADCA3B /* Palette.swift in Sources */,
				162896BE2CC353AC005A2399 /* ReginaldTabView.swift in Sources */,
				162896842CC18515005A2399 /* ColourComparisonView.swift in Sources */,
				1628968B2CC1A6FD005A2399 /* UserPalette.swift in Sources */,
				16ED0DA12CC162AC00ADCA3B /* VColour.swift in Sources */,
				16ED0D252CBED1C500ADCA3B /* ContentView.swift in Sources */,
				16ED0DA32CC162CF00ADCA3B /* UIColor+Converter.swift in Sources */,
				16ED0D9C2CC1538800ADCA3B /* ImagePicker.swift in Sources */,
				16ED0D9F2CC153A400ADCA3B /* ImageAnalysisView.swift in Sources */,
				1628968D2CC1A811005A2399 /* PaletteListViewModel.swift in Sources */,
				16ED0D232CBED1C500ADCA3B /* ReginaldKuenstlerApp.swift in Sources */,
				16ED0D592CC0964B00ADCA3B /* KuenstlerViewModel.swift in Sources */,
				16ED0D992CC152B200ADCA3B /* ColourPair.swift in Sources */,
			);
			runOnlyForDeploymentPostprocessing = 0;
		};
		16ED0D2B2CBED1C700ADCA3B /* Sources */ = {
			isa = PBXSourcesBuildPhase;
			buildActionMask = 2147483647;
			files = (
				16ED0D342CBED1C700ADCA3B /* ReginaldKuenstlerTests.swift in Sources */,
			);
			runOnlyForDeploymentPostprocessing = 0;
		};
		16ED0D352CBED1C700ADCA3B /* Sources */ = {
			isa = PBXSourcesBuildPhase;
			buildActionMask = 2147483647;
			files = (
				16ED0D402CBED1C700ADCA3B /* ReginaldKuenstlerUITestsLaunchTests.swift in Sources */,
				16ED0D3E2CBED1C700ADCA3B /* ReginaldKuenstlerUITests.swift in Sources */,
			);
			runOnlyForDeploymentPostprocessing = 0;
		};
/* End PBXSourcesBuildPhase section */

/* Begin PBXTargetDependency section */
		16ED0D312CBED1C700ADCA3B /* PBXTargetDependency */ = {
			isa = PBXTargetDependency;
			target = 16ED0D1E2CBED1C400ADCA3B /* ReginaldKuenstler */;
			targetProxy = 16ED0D302CBED1C700ADCA3B /* PBXContainerItemProxy */;
		};
		16ED0D3B2CBED1C700ADCA3B /* PBXTargetDependency */ = {
			isa = PBXTargetDependency;
			target = 16ED0D1E2CBED1C400ADCA3B /* ReginaldKuenstler */;
			targetProxy = 16ED0D3A2CBED1C700ADCA3B /* PBXContainerItemProxy */;
		};
/* End PBXTargetDependency section */

/* Begin XCBuildConfiguration section */
		16ED0D412CBED1C700ADCA3B /* Debug */ = {
			isa = XCBuildConfiguration;
			buildSettings = {
				ALWAYS_SEARCH_USER_PATHS = NO;
				ASSETCATALOG_COMPILER_GENERATE_SWIFT_ASSET_SYMBOL_EXTENSIONS = YES;
				CLANG_ANALYZER_NONNULL = YES;
				CLANG_ANALYZER_NUMBER_OBJECT_CONVERSION = YES_AGGRESSIVE;
				CLANG_CXX_LANGUAGE_STANDARD = "gnu++20";
				CLANG_ENABLE_MODULES = YES;
				CLANG_ENABLE_OBJC_ARC = YES;
				CLANG_ENABLE_OBJC_WEAK = YES;
				CLANG_WARN_BLOCK_CAPTURE_AUTORELEASING = YES;
				CLANG_WARN_BOOL_CONVERSION = YES;
				CLANG_WARN_COMMA = YES;
				CLANG_WARN_CONSTANT_CONVERSION = YES;
				CLANG_WARN_DEPRECATED_OBJC_IMPLEMENTATIONS = YES;
				CLANG_WARN_DIRECT_OBJC_ISA_USAGE = YES_ERROR;
				CLANG_WARN_DOCUMENTATION_COMMENTS = YES;
				CLANG_WARN_EMPTY_BODY = YES;
				CLANG_WARN_ENUM_CONVERSION = YES;
				CLANG_WARN_INFINITE_RECURSION = YES;
				CLANG_WARN_INT_CONVERSION = YES;
				CLANG_WARN_NON_LITERAL_NULL_CONVERSION = YES;
				CLANG_WARN_OBJC_IMPLICIT_RETAIN_SELF = YES;
				CLANG_WARN_OBJC_LITERAL_CONVERSION = YES;
				CLANG_WARN_OBJC_ROOT_CLASS = YES_ERROR;
				CLANG_WARN_QUOTED_INCLUDE_IN_FRAMEWORK_HEADER = YES;
				CLANG_WARN_RANGE_LOOP_ANALYSIS = YES;
				CLANG_WARN_STRICT_PROTOTYPES = YES;
				CLANG_WARN_SUSPICIOUS_MOVE = YES;
				CLANG_WARN_UNGUARDED_AVAILABILITY = YES_AGGRESSIVE;
				CLANG_WARN_UNREACHABLE_CODE = YES;
				CLANG_WARN__DUPLICATE_METHOD_MATCH = YES;
				COPY_PHASE_STRIP = NO;
				DEBUG_INFORMATION_FORMAT = dwarf;
				ENABLE_STRICT_OBJC_MSGSEND = YES;
				ENABLE_TESTABILITY = YES;
				ENABLE_USER_SCRIPT_SANDBOXING = YES;
				GCC_C_LANGUAGE_STANDARD = gnu17;
				GCC_DYNAMIC_NO_PIC = NO;
				GCC_NO_COMMON_BLOCKS = YES;
				GCC_OPTIMIZATION_LEVEL = 0;
				GCC_PREPROCESSOR_DEFINITIONS = (
					"DEBUG=1",
					"$(inherited)",
				);
				GCC_WARN_64_TO_32_BIT_CONVERSION = YES;
				GCC_WARN_ABOUT_RETURN_TYPE = YES_ERROR;
				GCC_WARN_UNDECLARED_SELECTOR = YES;
				GCC_WARN_UNINITIALIZED_AUTOS = YES_AGGRESSIVE;
				GCC_WARN_UNUSED_FUNCTION = YES;
				GCC_WARN_UNUSED_VARIABLE = YES;
				IPHONEOS_DEPLOYMENT_TARGET = 17.0;
				LOCALIZATION_PREFERS_STRING_CATALOGS = YES;
				MTL_ENABLE_DEBUG_INFO = INCLUDE_SOURCE;
				MTL_FAST_MATH = YES;
				ONLY_ACTIVE_ARCH = YES;
				SDKROOT = iphoneos;
				SWIFT_ACTIVE_COMPILATION_CONDITIONS = "DEBUG $(inherited)";
				SWIFT_OPTIMIZATION_LEVEL = "-Onone";
			};
			name = Debug;
		};
		16ED0D422CBED1C700ADCA3B /* Release */ = {
			isa = XCBuildConfiguration;
			buildSettings = {
				ALWAYS_SEARCH_USER_PATHS = NO;
				ASSETCATALOG_COMPILER_GENERATE_SWIFT_ASSET_SYMBOL_EXTENSIONS = YES;
				CLANG_ANALYZER_NONNULL = YES;
				CLANG_ANALYZER_NUMBER_OBJECT_CONVERSION = YES_AGGRESSIVE;
				CLANG_CXX_LANGUAGE_STANDARD = "gnu++20";
				CLANG_ENABLE_MODULES = YES;
				CLANG_ENABLE_OBJC_ARC = YES;
				CLANG_ENABLE_OBJC_WEAK = YES;
				CLANG_WARN_BLOCK_CAPTURE_AUTORELEASING = YES;
				CLANG_WARN_BOOL_CONVERSION = YES;
				CLANG_WARN_COMMA = YES;
				CLANG_WARN_CONSTANT_CONVERSION = YES;
				CLANG_WARN_DEPRECATED_OBJC_IMPLEMENTATIONS = YES;
				CLANG_WARN_DIRECT_OBJC_ISA_USAGE = YES_ERROR;
				CLANG_WARN_DOCUMENTATION_COMMENTS = YES;
				CLANG_WARN_EMPTY_BODY = YES;
				CLANG_WARN_ENUM_CONVERSION = YES;
				CLANG_WARN_INFINITE_RECURSION = YES;
				CLANG_WARN_INT_CONVERSION = YES;
				CLANG_WARN_NON_LITERAL_NULL_CONVERSION = YES;
				CLANG_WARN_OBJC_IMPLICIT_RETAIN_SELF = YES;
				CLANG_WARN_OBJC_LITERAL_CONVERSION = YES;
				CLANG_WARN_OBJC_ROOT_CLASS = YES_ERROR;
				CLANG_WARN_QUOTED_INCLUDE_IN_FRAMEWORK_HEADER = YES;
				CLANG_WARN_RANGE_LOOP_ANALYSIS = YES;
				CLANG_WARN_STRICT_PROTOTYPES = YES;
				CLANG_WARN_SUSPICIOUS_MOVE = YES;
				CLANG_WARN_UNGUARDED_AVAILABILITY = YES_AGGRESSIVE;
				CLANG_WARN_UNREACHABLE_CODE = YES;
				CLANG_WARN__DUPLICATE_METHOD_MATCH = YES;
				COPY_PHASE_STRIP = NO;
				DEBUG_INFORMATION_FORMAT = "dwarf-with-dsym";
				ENABLE_NS_ASSERTIONS = NO;
				ENABLE_STRICT_OBJC_MSGSEND = YES;
				ENABLE_USER_SCRIPT_SANDBOXING = YES;
				GCC_C_LANGUAGE_STANDARD = gnu17;
				GCC_NO_COMMON_BLOCKS = YES;
				GCC_WARN_64_TO_32_BIT_CONVERSION = YES;
				GCC_WARN_ABOUT_RETURN_TYPE = YES_ERROR;
				GCC_WARN_UNDECLARED_SELECTOR = YES;
				GCC_WARN_UNINITIALIZED_AUTOS = YES_AGGRESSIVE;
				GCC_WARN_UNUSED_FUNCTION = YES;
				GCC_WARN_UNUSED_VARIABLE = YES;
				IPHONEOS_DEPLOYMENT_TARGET = 17.0;
				LOCALIZATION_PREFERS_STRING_CATALOGS = YES;
				MTL_ENABLE_DEBUG_INFO = NO;
				MTL_FAST_MATH = YES;
				SDKROOT = iphoneos;
				SWIFT_COMPILATION_MODE = wholemodule;
				VALIDATE_PRODUCT = YES;
			};
			name = Release;
		};
		16ED0D442CBED1C700ADCA3B /* Debug */ = {
			isa = XCBuildConfiguration;
			buildSettings = {
				ASSETCATALOG_COMPILER_APPICON_NAME = AppIcon;
				ASSETCATALOG_COMPILER_GLOBAL_ACCENT_COLOR_NAME = AccentColor;
				CODE_SIGN_STYLE = Automatic;
				CURRENT_PROJECT_VERSION = 1;
				DEVELOPMENT_ASSET_PATHS = "\"ReginaldKuenstler/Preview Content\"";
				DEVELOPMENT_TEAM = HY3LPP8363;
				ENABLE_PREVIEWS = YES;
				GENERATE_INFOPLIST_FILE = YES;
				INFOPLIST_KEY_NSCameraUsageDescription = "\"Phantom that's all red, inside all white\"";
				INFOPLIST_KEY_UIApplicationSceneManifest_Generation = YES;
				INFOPLIST_KEY_UIApplicationSupportsIndirectInputEvents = YES;
				INFOPLIST_KEY_UILaunchScreen_Generation = YES;
				INFOPLIST_KEY_UISupportedInterfaceOrientations_iPad = "UIInterfaceOrientationPortrait UIInterfaceOrientationPortraitUpsideDown UIInterfaceOrientationLandscapeLeft UIInterfaceOrientationLandscapeRight";
				INFOPLIST_KEY_UISupportedInterfaceOrientations_iPhone = "UIInterfaceOrientationPortrait UIInterfaceOrientationLandscapeLeft UIInterfaceOrientationLandscapeRight";
				LD_RUNPATH_SEARCH_PATHS = (
					"$(inherited)",
					"@executable_path/Frameworks",
				);
				MARKETING_VERSION = 1.0;
				PRODUCT_BUNDLE_IDENTIFIER = daveyg.ReginaldKuenstler;
				PRODUCT_NAME = "$(TARGET_NAME)";
				SWIFT_EMIT_LOC_STRINGS = YES;
				SWIFT_VERSION = 5.0;
				TARGETED_DEVICE_FAMILY = "1,2";
			};
			name = Debug;
		};
		16ED0D452CBED1C700ADCA3B /* Release */ = {
			isa = XCBuildConfiguration;
			buildSettings = {
				ASSETCATALOG_COMPILER_APPICON_NAME = AppIcon;
				ASSETCATALOG_COMPILER_GLOBAL_ACCENT_COLOR_NAME = AccentColor;
				CODE_SIGN_STYLE = Automatic;
				CURRENT_PROJECT_VERSION = 1;
				DEVELOPMENT_ASSET_PATHS = "\"ReginaldKuenstler/Preview Content\"";
				DEVELOPMENT_TEAM = HY3LPP8363;
				ENABLE_PREVIEWS = YES;
				GENERATE_INFOPLIST_FILE = YES;
				INFOPLIST_KEY_NSCameraUsageDescription = "\"Phantom that's all red, inside all white\"";
				INFOPLIST_KEY_UIApplicationSceneManifest_Generation = YES;
				INFOPLIST_KEY_UIApplicationSupportsIndirectInputEvents = YES;
				INFOPLIST_KEY_UILaunchScreen_Generation = YES;
				INFOPLIST_KEY_UISupportedInterfaceOrientations_iPad = "UIInterfaceOrientationPortrait UIInterfaceOrientationPortraitUpsideDown UIInterfaceOrientationLandscapeLeft UIInterfaceOrientationLandscapeRight";
				INFOPLIST_KEY_UISupportedInterfaceOrientations_iPhone = "UIInterfaceOrientationPortrait UIInterfaceOrientationLandscapeLeft UIInterfaceOrientationLandscapeRight";
				LD_RUNPATH_SEARCH_PATHS = (
					"$(inherited)",
					"@executable_path/Frameworks",
				);
				MARKETING_VERSION = 1.0;
				PRODUCT_BUNDLE_IDENTIFIER = daveyg.ReginaldKuenstler;
				PRODUCT_NAME = "$(TARGET_NAME)";
				SWIFT_EMIT_LOC_STRINGS = YES;
				SWIFT_VERSION = 5.0;
				TARGETED_DEVICE_FAMILY = "1,2";
			};
			name = Release;
		};
		16ED0D472CBED1C700ADCA3B /* Debug */ = {
			isa = XCBuildConfiguration;
			buildSettings = {
				ALWAYS_EMBED_SWIFT_STANDARD_LIBRARIES = YES;
				BUNDLE_LOADER = "$(TEST_HOST)";
				CODE_SIGN_STYLE = Automatic;
				CURRENT_PROJECT_VERSION = 1;
				DEVELOPMENT_TEAM = HY3LPP8363;
				GENERATE_INFOPLIST_FILE = YES;
				IPHONEOS_DEPLOYMENT_TARGET = 17.0;
				MARKETING_VERSION = 1.0;
				PRODUCT_BUNDLE_IDENTIFIER = daveyg.ReginaldKuenstlerTests;
				PRODUCT_NAME = "$(TARGET_NAME)";
				SWIFT_EMIT_LOC_STRINGS = NO;
				SWIFT_VERSION = 5.0;
				TARGETED_DEVICE_FAMILY = "1,2";
				TEST_HOST = "$(BUILT_PRODUCTS_DIR)/ReginaldKuenstler.app/$(BUNDLE_EXECUTABLE_FOLDER_PATH)/ReginaldKuenstler";
			};
			name = Debug;
		};
		16ED0D482CBED1C700ADCA3B /* Release */ = {
			isa = XCBuildConfiguration;
			buildSettings = {
				ALWAYS_EMBED_SWIFT_STANDARD_LIBRARIES = YES;
				BUNDLE_LOADER = "$(TEST_HOST)";
				CODE_SIGN_STYLE = Automatic;
				CURRENT_PROJECT_VERSION = 1;
				DEVELOPMENT_TEAM = HY3LPP8363;
				GENERATE_INFOPLIST_FILE = YES;
				IPHONEOS_DEPLOYMENT_TARGET = 17.0;
				MARKETING_VERSION = 1.0;
				PRODUCT_BUNDLE_IDENTIFIER = daveyg.ReginaldKuenstlerTests;
				PRODUCT_NAME = "$(TARGET_NAME)";
				SWIFT_EMIT_LOC_STRINGS = NO;
				SWIFT_VERSION = 5.0;
				TARGETED_DEVICE_FAMILY = "1,2";
				TEST_HOST = "$(BUILT_PRODUCTS_DIR)/ReginaldKuenstler.app/$(BUNDLE_EXECUTABLE_FOLDER_PATH)/ReginaldKuenstler";
			};
			name = Release;
		};
		16ED0D4A2CBED1C700ADCA3B /* Debug */ = {
			isa = XCBuildConfiguration;
			buildSettings = {
				ALWAYS_EMBED_SWIFT_STANDARD_LIBRARIES = YES;
				CODE_SIGN_STYLE = Automatic;
				CURRENT_PROJECT_VERSION = 1;
				DEVELOPMENT_TEAM = HY3LPP8363;
				GENERATE_INFOPLIST_FILE = YES;
				MARKETING_VERSION = 1.0;
				PRODUCT_BUNDLE_IDENTIFIER = daveyg.ReginaldKuenstlerUITests;
				PRODUCT_NAME = "$(TARGET_NAME)";
				SWIFT_EMIT_LOC_STRINGS = NO;
				SWIFT_VERSION = 5.0;
				TARGETED_DEVICE_FAMILY = "1,2";
				TEST_TARGET_NAME = ReginaldKuenstler;
			};
			name = Debug;
		};
		16ED0D4B2CBED1C700ADCA3B /* Release */ = {
			isa = XCBuildConfiguration;
			buildSettings = {
				ALWAYS_EMBED_SWIFT_STANDARD_LIBRARIES = YES;
				CODE_SIGN_STYLE = Automatic;
				CURRENT_PROJECT_VERSION = 1;
				DEVELOPMENT_TEAM = HY3LPP8363;
				GENERATE_INFOPLIST_FILE = YES;
				MARKETING_VERSION = 1.0;
				PRODUCT_BUNDLE_IDENTIFIER = daveyg.ReginaldKuenstlerUITests;
				PRODUCT_NAME = "$(TARGET_NAME)";
				SWIFT_EMIT_LOC_STRINGS = NO;
				SWIFT_VERSION = 5.0;
				TARGETED_DEVICE_FAMILY = "1,2";
				TEST_TARGET_NAME = ReginaldKuenstler;
			};
			name = Release;
		};
/* End XCBuildConfiguration section */

/* Begin XCConfigurationList section */
		16ED0D1A2CBED1C400ADCA3B /* Build configuration list for PBXProject "ReginaldKuenstler" */ = {
			isa = XCConfigurationList;
			buildConfigurations = (
				16ED0D412CBED1C700ADCA3B /* Debug */,
				16ED0D422CBED1C700ADCA3B /* Release */,
			);
			defaultConfigurationIsVisible = 0;
			defaultConfigurationName = Release;
		};
		16ED0D432CBED1C700ADCA3B /* Build configuration list for PBXNativeTarget "ReginaldKuenstler" */ = {
			isa = XCConfigurationList;
			buildConfigurations = (
				16ED0D442CBED1C700ADCA3B /* Debug */,
				16ED0D452CBED1C700ADCA3B /* Release */,
			);
			defaultConfigurationIsVisible = 0;
			defaultConfigurationName = Release;
		};
		16ED0D462CBED1C700ADCA3B /* Build configuration list for PBXNativeTarget "ReginaldKuenstlerTests" */ = {
			isa = XCConfigurationList;
			buildConfigurations = (
				16ED0D472CBED1C700ADCA3B /* Debug */,
				16ED0D482CBED1C700ADCA3B /* Release */,
			);
			defaultConfigurationIsVisible = 0;
			defaultConfigurationName = Release;
		};
		16ED0D492CBED1C700ADCA3B /* Build configuration list for PBXNativeTarget "ReginaldKuenstlerUITests" */ = {
			isa = XCConfigurationList;
			buildConfigurations = (
				16ED0D4A2CBED1C700ADCA3B /* Debug */,
				16ED0D4B2CBED1C700ADCA3B /* Release */,
			);
			defaultConfigurationIsVisible = 0;
			defaultConfigurationName = Release;
		};
/* End XCConfigurationList section */

/* Begin XCRemoteSwiftPackageReference section */
		16ED0D4C2CBED8B500ADCA3B /* XCRemoteSwiftPackageReference "swift-vibrantium" */ = {
			isa = XCRemoteSwiftPackageReference;
			repositoryURL = "https://github.com/ruipfcosta/swift-vibrantium";
			requirement = {
				branch = master;
				kind = branch;
			};
		};
/* End XCRemoteSwiftPackageReference section */

/* Begin XCSwiftPackageProductDependency section */
		16ED0D4D2CBED8B500ADCA3B /* SwiftVibrantium */ = {
			isa = XCSwiftPackageProductDependency;
			package = 16ED0D4C2CBED8B500ADCA3B /* XCRemoteSwiftPackageReference "swift-vibrantium" */;
			productName = SwiftVibrantium;
		};
/* End XCSwiftPackageProductDependency section */
	};
	rootObject = 16ED0D172CBED1C400ADCA3B /* Project object */;
}
