// !$*UTF8*$!
{
	archiveVersion = 1;
	classes = {
	};
	objectVersion = 56;
	objects = {

/* Begin PBXBuildFile section */
		160278852CC9BD540048F4F8 /* WiggleModifier.swift in Sources */ = {isa = PBXBuildFile; fileRef = 160278842CC9BD540048F4F8 /* WiggleModifier.swift */; };
		1609D0012CD1634700D3FCF8 /* UserPaletteData.swift in Sources */ = {isa = PBXBuildFile; fileRef = 1609D0002CD1634700D3FCF8 /* UserPaletteData.swift */; };
		1609D00C2CD1676F00D3FCF8 /* Merriweather-Italic.ttf in Resources */ = {isa = PBXBuildFile; fileRef = 1609D0032CD1676F00D3FCF8 /* Merriweather-Italic.ttf */; };
		1609D00D2CD1676F00D3FCF8 /* Merriweather-BlackItalic.ttf in Resources */ = {isa = PBXBuildFile; fileRef = 1609D0042CD1676F00D3FCF8 /* Merriweather-BlackItalic.ttf */; };
		1609D00E2CD1676F00D3FCF8 /* Merriweather-Black.ttf in Resources */ = {isa = PBXBuildFile; fileRef = 1609D0052CD1676F00D3FCF8 /* Merriweather-Black.ttf */; };
		1609D00F2CD1676F00D3FCF8 /* Merriweather-Light.ttf in Resources */ = {isa = PBXBuildFile; fileRef = 1609D0062CD1676F00D3FCF8 /* Merriweather-Light.ttf */; };
		1609D0102CD1676F00D3FCF8 /* Merriweather-LightItalic.ttf in Resources */ = {isa = PBXBuildFile; fileRef = 1609D0072CD1676F00D3FCF8 /* Merriweather-LightItalic.ttf */; };
		1609D0112CD1676F00D3FCF8 /* Merriweather-Regular.ttf in Resources */ = {isa = PBXBuildFile; fileRef = 1609D0082CD1676F00D3FCF8 /* Merriweather-Regular.ttf */; };
		1609D0122CD1676F00D3FCF8 /* Merriweather-Bold.ttf in Resources */ = {isa = PBXBuildFile; fileRef = 1609D0092CD1676F00D3FCF8 /* Merriweather-Bold.ttf */; };
		1609D0132CD1676F00D3FCF8 /* OFL.txt in Resources */ = {isa = PBXBuildFile; fileRef = 1609D00A2CD1676F00D3FCF8 /* OFL.txt */; };
		1609D0142CD1676F00D3FCF8 /* Merriweather-BoldItalic.ttf in Resources */ = {isa = PBXBuildFile; fileRef = 1609D00B2CD1676F00D3FCF8 /* Merriweather-BoldItalic.ttf */; };
		1609D0162CD1687300D3FCF8 /* UIFont+CustomFont.swift in Sources */ = {isa = PBXBuildFile; fileRef = 1609D0152CD1687300D3FCF8 /* UIFont+CustomFont.swift */; };
		1609D0182CD170E700D3FCF8 /* OnboardingView.swift in Sources */ = {isa = PBXBuildFile; fileRef = 1609D0172CD170E700D3FCF8 /* OnboardingView.swift */; };
		162896842CC18515005A2399 /* ColourComparisonView.swift in Sources */ = {isa = PBXBuildFile; fileRef = 162896832CC18515005A2399 /* ColourComparisonView.swift */; };
		162896892CC1A6CD005A2399 /* CreateUserPaletteViewModel.swift in Sources */ = {isa = PBXBuildFile; fileRef = 162896882CC1A6CD005A2399 /* CreateUserPaletteViewModel.swift */; };
		1628968B2CC1A6FD005A2399 /* UserPalette.swift in Sources */ = {isa = PBXBuildFile; fileRef = 1628968A2CC1A6FD005A2399 /* UserPalette.swift */; };
		1628968D2CC1A811005A2399 /* PaletteListViewModel.swift in Sources */ = {isa = PBXBuildFile; fileRef = 1628968C2CC1A811005A2399 /* PaletteListViewModel.swift */; };
		162896C62CC57C99005A2399 /* PaletteListItemView.swift in Sources */ = {isa = PBXBuildFile; fileRef = 162896C52CC57C99005A2399 /* PaletteListItemView.swift */; };
		162896C82CC587FC005A2399 /* UserPaletteView.swift in Sources */ = {isa = PBXBuildFile; fileRef = 162896C72CC587FC005A2399 /* UserPaletteView.swift */; };
		162896CA2CC58A28005A2399 /* UserDefaultsHelper.swift in Sources */ = {isa = PBXBuildFile; fileRef = 162896C92CC58A28005A2399 /* UserDefaultsHelper.swift */; };
		162896CC2CC58FB5005A2399 /* ReginaldKuenstlerTabView.swift in Sources */ = {isa = PBXBuildFile; fileRef = 162896CB2CC58FB5005A2399 /* ReginaldKuenstlerTabView.swift */; };
		162896CE2CC5E203005A2399 /* badges.txt in Resources */ = {isa = PBXBuildFile; fileRef = 162896CD2CC5E203005A2399 /* badges.txt */; };
		162896D12CC5E33A005A2399 /* Badge.swift in Sources */ = {isa = PBXBuildFile; fileRef = 162896D02CC5E33A005A2399 /* Badge.swift */; };
		162896D32CC606C1005A2399 /* PaletteCreationView.swift in Sources */ = {isa = PBXBuildFile; fileRef = 162896D22CC606C1005A2399 /* PaletteCreationView.swift */; };
		162896D72CC6BA91005A2399 /* ColourGridItem.swift in Sources */ = {isa = PBXBuildFile; fileRef = 162896D62CC6BA91005A2399 /* ColourGridItem.swift */; };
		1637C7122CCDC93B00B99812 /* GridLoadingAnimation.swift in Sources */ = {isa = PBXBuildFile; fileRef = 1637C7112CCDC93B00B99812 /* GridLoadingAnimation.swift */; };
		1665207A2CC7FA6A00F2836E /* UserPaletteViewModel.swift in Sources */ = {isa = PBXBuildFile; fileRef = 166520792CC7FA6A00F2836E /* UserPaletteViewModel.swift */; };
		166DF25F2CD18C540048C0E0 /* GoogleMobileAds in Frameworks */ = {isa = PBXBuildFile; productRef = 166DF25E2CD18C540048C0E0 /* GoogleMobileAds */; };
		16E3146F2CD2AFEA004509D7 /* DescriptiveProgressView.swift in Sources */ = {isa = PBXBuildFile; fileRef = 16E3146E2CD2AFE9004509D7 /* DescriptiveProgressView.swift */; };
		16E314732CD2BBB2004509D7 /* Localizable.xcstrings in Resources */ = {isa = PBXBuildFile; fileRef = 16E314722CD2BBB2004509D7 /* Localizable.xcstrings */; };
		16ED0D232CBED1C500ADCA3B /* ReginaldKuenstlerApp.swift in Sources */ = {isa = PBXBuildFile; fileRef = 16ED0D222CBED1C500ADCA3B /* ReginaldKuenstlerApp.swift */; };
		16ED0D252CBED1C500ADCA3B /* ContentView.swift in Sources */ = {isa = PBXBuildFile; fileRef = 16ED0D242CBED1C500ADCA3B /* ContentView.swift */; };
		16ED0D272CBED1C700ADCA3B /* Assets.xcassets in Resources */ = {isa = PBXBuildFile; fileRef = 16ED0D262CBED1C700ADCA3B /* Assets.xcassets */; };
		16ED0D2A2CBED1C700ADCA3B /* Preview Assets.xcassets in Resources */ = {isa = PBXBuildFile; fileRef = 16ED0D292CBED1C700ADCA3B /* Preview Assets.xcassets */; };
		16ED0D342CBED1C700ADCA3B /* ReginaldKuenstlerTests.swift in Sources */ = {isa = PBXBuildFile; fileRef = 16ED0D332CBED1C700ADCA3B /* ReginaldKuenstlerTests.swift */; };
		16ED0D3E2CBED1C700ADCA3B /* ReginaldKuenstlerUITests.swift in Sources */ = {isa = PBXBuildFile; fileRef = 16ED0D3D2CBED1C700ADCA3B /* ReginaldKuenstlerUITests.swift */; };
		16ED0D402CBED1C700ADCA3B /* ReginaldKuenstlerUITestsLaunchTests.swift in Sources */ = {isa = PBXBuildFile; fileRef = 16ED0D3F2CBED1C700ADCA3B /* ReginaldKuenstlerUITestsLaunchTests.swift */; };
		16ED0D4E2CBED8B500ADCA3B /* SwiftVibrantium in Frameworks */ = {isa = PBXBuildFile; productRef = 16ED0D4D2CBED8B500ADCA3B /* SwiftVibrantium */; };
		16ED0D512CBFFAC100ADCA3B /* ColourMapper.swift in Sources */ = {isa = PBXBuildFile; fileRef = 16ED0D502CBFFAC100ADCA3B /* ColourMapper.swift */; };
		16ED0D532CC0112B00ADCA3B /* colourmap.csv in Resources */ = {isa = PBXBuildFile; fileRef = 16ED0D522CC0112A00ADCA3B /* colourmap.csv */; };
		16ED0D562CC0170500ADCA3B /* ColourHelper.swift in Sources */ = {isa = PBXBuildFile; fileRef = 16ED0D552CC0170500ADCA3B /* ColourHelper.swift */; };
		16ED0D592CC0964B00ADCA3B /* KuenstlerViewModel.swift in Sources */ = {isa = PBXBuildFile; fileRef = 16ED0D582CC0964B00ADCA3B /* KuenstlerViewModel.swift */; };
		16ED0D992CC152B200ADCA3B /* ColourPair.swift in Sources */ = {isa = PBXBuildFile; fileRef = 16ED0D982CC152B200ADCA3B /* ColourPair.swift */; };
		16ED0D9C2CC1538800ADCA3B /* ImagePicker.swift in Sources */ = {isa = PBXBuildFile; fileRef = 16ED0D9B2CC1538800ADCA3B /* ImagePicker.swift */; };
		16ED0DA12CC162AC00ADCA3B /* VColour.swift in Sources */ = {isa = PBXBuildFile; fileRef = 16ED0DA02CC162AC00ADCA3B /* VColour.swift */; };
		16ED0DA32CC162CF00ADCA3B /* UIColor+Converter.swift in Sources */ = {isa = PBXBuildFile; fileRef = 16ED0DA22CC162CF00ADCA3B /* UIColor+Converter.swift */; };
		16ED0DA62CC166D200ADCA3B /* Artwork.swift in Sources */ = {isa = PBXBuildFile; fileRef = 16ED0DA52CC166D200ADCA3B /* Artwork.swift */; };
		16ED0DA82CC166E600ADCA3B /* Palette.swift in Sources */ = {isa = PBXBuildFile; fileRef = 16ED0DA72CC166E600ADCA3B /* Palette.swift */; };
/* End PBXBuildFile section */

/* Begin PBXContainerItemProxy section */
		16ED0D302CBED1C700ADCA3B /* PBXContainerItemProxy */ = {
			isa = PBXContainerItemProxy;
			containerPortal = 16ED0D172CBED1C400ADCA3B /* Project object */;
			proxyType = 1;
			remoteGlobalIDString = 16ED0D1E2CBED1C400ADCA3B;
			remoteInfo = ReginaldKuenstler;
		};
		16ED0D3A2CBED1C700ADCA3B /* PBXContainerItemProxy */ = {
			isa = PBXContainerItemProxy;
			containerPortal = 16ED0D172CBED1C400ADCA3B /* Project object */;
			proxyType = 1;
			remoteGlobalIDString = 16ED0D1E2CBED1C400ADCA3B;
			remoteInfo = ReginaldKuenstler;
		};
/* End PBXContainerItemProxy section */

/* Begin PBXFileReference section */
		160278842CC9BD540048F4F8 /* WiggleModifier.swift */ = {isa = PBXFileReference; lastKnownFileType = sourcecode.swift; path = WiggleModifier.swift; sourceTree = "<group>"; };
		1609D0002CD1634700D3FCF8 /* UserPaletteData.swift */ = {isa = PBXFileReference; lastKnownFileType = sourcecode.swift; path = UserPaletteData.swift; sourceTree = "<group>"; };
		1609D0032CD1676F00D3FCF8 /* Merriweather-Italic.ttf */ = {isa = PBXFileReference; lastKnownFileType = file; path = "Merriweather-Italic.ttf"; sourceTree = "<group>"; };
		1609D0042CD1676F00D3FCF8 /* Merriweather-BlackItalic.ttf */ = {isa = PBXFileReference; lastKnownFileType = file; path = "Merriweather-BlackItalic.ttf"; sourceTree = "<group>"; };
		1609D0052CD1676F00D3FCF8 /* Merriweather-Black.ttf */ = {isa = PBXFileReference; lastKnownFileType = file; path = "Merriweather-Black.ttf"; sourceTree = "<group>"; };
		1609D0062CD1676F00D3FCF8 /* Merriweather-Light.ttf */ = {isa = PBXFileReference; lastKnownFileType = file; path = "Merriweather-Light.ttf"; sourceTree = "<group>"; };
		1609D0072CD1676F00D3FCF8 /* Merriweather-LightItalic.ttf */ = {isa = PBXFileReference; lastKnownFileType = file; path = "Merriweather-LightItalic.ttf"; sourceTree = "<group>"; };
		1609D0082CD1676F00D3FCF8 /* Merriweather-Regular.ttf */ = {isa = PBXFileReference; lastKnownFileType = file; path = "Merriweather-Regular.ttf"; sourceTree = "<group>"; };
		1609D0092CD1676F00D3FCF8 /* Merriweather-Bold.ttf */ = {isa = PBXFileReference; lastKnownFileType = file; path = "Merriweather-Bold.ttf"; sourceTree = "<group>"; };
		1609D00A2CD1676F00D3FCF8 /* OFL.txt */ = {isa = PBXFileReference; fileEncoding = 4; lastKnownFileType = text; path = OFL.txt; sourceTree = "<group>"; };
		1609D00B2CD1676F00D3FCF8 /* Merriweather-BoldItalic.ttf */ = {isa = PBXFileReference; lastKnownFileType = file; path = "Merriweather-BoldItalic.ttf"; sourceTree = "<group>"; };
		1609D0152CD1687300D3FCF8 /* UIFont+CustomFont.swift */ = {isa = PBXFileReference; lastKnownFileType = sourcecode.swift; path = "UIFont+CustomFont.swift"; sourceTree = "<group>"; };
		1609D0172CD170E700D3FCF8 /* OnboardingView.swift */ = {isa = PBXFileReference; lastKnownFileType = sourcecode.swift; path = OnboardingView.swift; sourceTree = "<group>"; };
		162896832CC18515005A2399 /* ColourComparisonView.swift */ = {isa = PBXFileReference; lastKnownFileType = sourcecode.swift; path = ColourComparisonView.swift; sourceTree = "<group>"; };
		162896882CC1A6CD005A2399 /* CreateUserPaletteViewModel.swift */ = {isa = PBXFileReference; lastKnownFileType = sourcecode.swift; path = CreateUserPaletteViewModel.swift; sourceTree = "<group>"; };
		1628968A2CC1A6FD005A2399 /* UserPalette.swift */ = {isa = PBXFileReference; lastKnownFileType = sourcecode.swift; path = UserPalette.swift; sourceTree = "<group>"; };
		1628968C2CC1A811005A2399 /* PaletteListViewModel.swift */ = {isa = PBXFileReference; lastKnownFileType = sourcecode.swift; path = PaletteListViewModel.swift; sourceTree = "<group>"; };
		162896C52CC57C99005A2399 /* PaletteListItemView.swift */ = {isa = PBXFileReference; lastKnownFileType = sourcecode.swift; path = PaletteListItemView.swift; sourceTree = "<group>"; };
		162896C72CC587FC005A2399 /* UserPaletteView.swift */ = {isa = PBXFileReference; lastKnownFileType = sourcecode.swift; path = UserPaletteView.swift; sourceTree = "<group>"; };
		162896C92CC58A28005A2399 /* UserDefaultsHelper.swift */ = {isa = PBXFileReference; lastKnownFileType = sourcecode.swift; path = UserDefaultsHelper.swift; sourceTree = "<group>"; };
		162896CB2CC58FB5005A2399 /* ReginaldKuenstlerTabView.swift */ = {isa = PBXFileReference; lastKnownFileType = sourcecode.swift; path = ReginaldKuenstlerTabView.swift; sourceTree = "<group>"; };
		162896CD2CC5E203005A2399 /* badges.txt */ = {isa = PBXFileReference; fileEncoding = 4; lastKnownFileType = text; path = badges.txt; sourceTree = "<group>"; };
		162896D02CC5E33A005A2399 /* Badge.swift */ = {isa = PBXFileReference; lastKnownFileType = sourcecode.swift; path = Badge.swift; sourceTree = "<group>"; };
		162896D22CC606C1005A2399 /* PaletteCreationView.swift */ = {isa = PBXFileReference; lastKnownFileType = sourcecode.swift; path = PaletteCreationView.swift; sourceTree = "<group>"; };
		162896D62CC6BA91005A2399 /* ColourGridItem.swift */ = {isa = PBXFileReference; lastKnownFileType = sourcecode.swift; path = ColourGridItem.swift; sourceTree = "<group>"; };
		1637C7112CCDC93B00B99812 /* GridLoadingAnimation.swift */ = {isa = PBXFileReference; lastKnownFileType = sourcecode.swift; path = GridLoadingAnimation.swift; sourceTree = "<group>"; };
		1637C7182CCEC4DA00B99812 /* Info.plist */ = {isa = PBXFileReference; lastKnownFileType = text.plist; path = Info.plist; sourceTree = "<group>"; };
		166520792CC7FA6A00F2836E /* UserPaletteViewModel.swift */ = {isa = PBXFileReference; lastKnownFileType = sourcecode.swift; path = UserPaletteViewModel.swift; sourceTree = "<group>"; };
		16E3146D2CD29ED2004509D7 /* Testing.md */ = {isa = PBXFileReference; lastKnownFileType = net.daringfireball.markdown; path = Testing.md; sourceTree = "<group>"; };
		16E3146E2CD2AFE9004509D7 /* DescriptiveProgressView.swift */ = {isa = PBXFileReference; lastKnownFileType = sourcecode.swift; path = DescriptiveProgressView.swift; sourceTree = "<group>"; };
		16E314722CD2BBB2004509D7 /* Localizable.xcstrings */ = {isa = PBXFileReference; lastKnownFileType = text.json.xcstrings; path = Localizable.xcstrings; sourceTree = "<group>"; };
		16ED0D1F2CBED1C500ADCA3B /* Pinselton.app */ = {isa = PBXFileReference; explicitFileType = wrapper.application; includeInIndex = 0; path = Pinselton.app; sourceTree = BUILT_PRODUCTS_DIR; };
		16ED0D222CBED1C500ADCA3B /* ReginaldKuenstlerApp.swift */ = {isa = PBXFileReference; lastKnownFileType = sourcecode.swift; path = ReginaldKuenstlerApp.swift; sourceTree = "<group>"; };
		16ED0D242CBED1C500ADCA3B /* ContentView.swift */ = {isa = PBXFileReference; lastKnownFileType = sourcecode.swift; path = ContentView.swift; sourceTree = "<group>"; };
		16ED0D262CBED1C700ADCA3B /* Assets.xcassets */ = {isa = PBXFileReference; lastKnownFileType = folder.assetcatalog; path = Assets.xcassets; sourceTree = "<group>"; };
		16ED0D292CBED1C700ADCA3B /* Preview Assets.xcassets */ = {isa = PBXFileReference; lastKnownFileType = folder.assetcatalog; path = "Preview Assets.xcassets"; sourceTree = "<group>"; };
		16ED0D2F2CBED1C700ADCA3B /* ReginaldKuenstlerTests.xctest */ = {isa = PBXFileReference; explicitFileType = wrapper.cfbundle; includeInIndex = 0; path = ReginaldKuenstlerTests.xctest; sourceTree = BUILT_PRODUCTS_DIR; };
		16ED0D332CBED1C700ADCA3B /* ReginaldKuenstlerTests.swift */ = {isa = PBXFileReference; lastKnownFileType = sourcecode.swift; path = ReginaldKuenstlerTests.swift; sourceTree = "<group>"; };
		16ED0D392CBED1C700ADCA3B /* ReginaldKuenstlerUITests.xctest */ = {isa = PBXFileReference; explicitFileType = wrapper.cfbundle; includeInIndex = 0; path = ReginaldKuenstlerUITests.xctest; sourceTree = BUILT_PRODUCTS_DIR; };
		16ED0D3D2CBED1C700ADCA3B /* ReginaldKuenstlerUITests.swift */ = {isa = PBXFileReference; lastKnownFileType = sourcecode.swift; path = ReginaldKuenstlerUITests.swift; sourceTree = "<group>"; };
		16ED0D3F2CBED1C700ADCA3B /* ReginaldKuenstlerUITestsLaunchTests.swift */ = {isa = PBXFileReference; lastKnownFileType = sourcecode.swift; path = ReginaldKuenstlerUITestsLaunchTests.swift; sourceTree = "<group>"; };
		16ED0D502CBFFAC100ADCA3B /* ColourMapper.swift */ = {isa = PBXFileReference; lastKnownFileType = sourcecode.swift; path = ColourMapper.swift; sourceTree = "<group>"; };
		16ED0D522CC0112A00ADCA3B /* colourmap.csv */ = {isa = PBXFileReference; lastKnownFileType = text; name = colourmap.csv; path = mapper/colourmap.csv; sourceTree = SOURCE_ROOT; };
		16ED0D552CC0170500ADCA3B /* ColourHelper.swift */ = {isa = PBXFileReference; lastKnownFileType = sourcecode.swift; path = ColourHelper.swift; sourceTree = "<group>"; };
		16ED0D582CC0964B00ADCA3B /* KuenstlerViewModel.swift */ = {isa = PBXFileReference; lastKnownFileType = sourcecode.swift; path = KuenstlerViewModel.swift; sourceTree = "<group>"; };
		16ED0D5A2CC0972500ADCA3B /* DEVLOG.md */ = {isa = PBXFileReference; lastKnownFileType = net.daringfireball.markdown; path = DEVLOG.md; sourceTree = "<group>"; };
		16ED0D982CC152B200ADCA3B /* ColourPair.swift */ = {isa = PBXFileReference; lastKnownFileType = sourcecode.swift; path = ColourPair.swift; sourceTree = "<group>"; };
		16ED0D9B2CC1538800ADCA3B /* ImagePicker.swift */ = {isa = PBXFileReference; lastKnownFileType = sourcecode.swift; path = ImagePicker.swift; sourceTree = "<group>"; };
		16ED0DA02CC162AC00ADCA3B /* VColour.swift */ = {isa = PBXFileReference; lastKnownFileType = sourcecode.swift; path = VColour.swift; sourceTree = "<group>"; };
		16ED0DA22CC162CF00ADCA3B /* UIColor+Converter.swift */ = {isa = PBXFileReference; lastKnownFileType = sourcecode.swift; path = "UIColor+Converter.swift"; sourceTree = "<group>"; };
		16ED0DA52CC166D200ADCA3B /* Artwork.swift */ = {isa = PBXFileReference; lastKnownFileType = sourcecode.swift; path = Artwork.swift; sourceTree = "<group>"; };
		16ED0DA72CC166E600ADCA3B /* Palette.swift */ = {isa = PBXFileReference; lastKnownFileType = sourcecode.swift; path = Palette.swift; sourceTree = "<group>"; };
/* End PBXFileReference section */

/* Begin PBXFrameworksBuildPhase section */
		16ED0D1C2CBED1C400ADCA3B /* Frameworks */ = {
			isa = PBXFrameworksBuildPhase;
			buildActionMask = 2147483647;
			files = (
				166DF25F2CD18C540048C0E0 /* GoogleMobileAds in Frameworks */,
				16ED0D4E2CBED8B500ADCA3B /* SwiftVibrantium in Frameworks */,
			);
			runOnlyForDeploymentPostprocessing = 0;
		};
		16ED0D2C2CBED1C700ADCA3B /* Frameworks */ = {
			isa = PBXFrameworksBuildPhase;
			buildActionMask = 2147483647;
			files = (
			);
			runOnlyForDeploymentPostprocessing = 0;
		};
		16ED0D362CBED1C700ADCA3B /* Frameworks */ = {
			isa = PBXFrameworksBuildPhase;
			buildActionMask = 2147483647;
			files = (
			);
			runOnlyForDeploymentPostprocessing = 0;
		};
/* End PBXFrameworksBuildPhase section */

/* Begin PBXGroup section */
		160278832CC9BD430048F4F8 /* Modifiers */ = {
			isa = PBXGroup;
			children = (
				160278842CC9BD540048F4F8 /* WiggleModifier.swift */,
			);
			path = Modifiers;
			sourceTree = "<group>";
		};
		1609D0022CD1673B00D3FCF8 /* Assets */ = {
			isa = PBXGroup;
			children = (
				16E314712CD2BB90004509D7 /* Localization */,
				16E314742CD2BF00004509D7 /* Fonts */,
			);
			path = Assets;
			sourceTree = "<group>";
		};
		162896C42CC57C85005A2399 /* PaletteList */ = {
			isa = PBXGroup;
			children = (
				162896C52CC57C99005A2399 /* PaletteListItemView.swift */,
			);
			path = PaletteList;
			sourceTree = "<group>";
		};
		162896CF2CC5E324005A2399 /* Badges */ = {
			isa = PBXGroup;
			children = (
				162896D02CC5E33A005A2399 /* Badge.swift */,
			);
			path = Badges;
			sourceTree = "<group>";
		};
		1637C7102CCDC93000B99812 /* Juice */ = {
			isa = PBXGroup;
			children = (
			);
			path = Juice;
			sourceTree = "<group>";
		};
		166520742CC72B8E00F2836E /* PaletteAnalysisComparison */ = {
			isa = PBXGroup;
			children = (
				162896832CC18515005A2399 /* ColourComparisonView.swift */,
			);
			path = PaletteAnalysisComparison;
			sourceTree = "<group>";
		};
		16E3146C2CD29EBE004509D7 /* Texts */ = {
			isa = PBXGroup;
			children = (
				16ED0D5A2CC0972500ADCA3B /* DEVLOG.md */,
				16E3146D2CD29ED2004509D7 /* Testing.md */,
			);
			path = Texts;
			sourceTree = "<group>";
		};
		16E314702CD2AFF5004509D7 /* Loading */ = {
			isa = PBXGroup;
			children = (
				1637C7112CCDC93B00B99812 /* GridLoadingAnimation.swift */,
				16E3146E2CD2AFE9004509D7 /* DescriptiveProgressView.swift */,
			);
			path = Loading;
			sourceTree = "<group>";
		};
		16E314712CD2BB90004509D7 /* Localization */ = {
			isa = PBXGroup;
			children = (
				16E314722CD2BBB2004509D7 /* Localizable.xcstrings */,
			);
			path = Localization;
			sourceTree = "<group>";
		};
		16E314742CD2BF00004509D7 /* Fonts */ = {
			isa = PBXGroup;
			children = (
				1609D0052CD1676F00D3FCF8 /* Merriweather-Black.ttf */,
				1609D0042CD1676F00D3FCF8 /* Merriweather-BlackItalic.ttf */,
				1609D0092CD1676F00D3FCF8 /* Merriweather-Bold.ttf */,
				1609D00B2CD1676F00D3FCF8 /* Merriweather-BoldItalic.ttf */,
				1609D0032CD1676F00D3FCF8 /* Merriweather-Italic.ttf */,
				1609D0062CD1676F00D3FCF8 /* Merriweather-Light.ttf */,
				1609D0072CD1676F00D3FCF8 /* Merriweather-LightItalic.ttf */,
				1609D0082CD1676F00D3FCF8 /* Merriweather-Regular.ttf */,
				1609D00A2CD1676F00D3FCF8 /* OFL.txt */,
			);
			path = Fonts;
			sourceTree = "<group>";
		};
		16ED0D162CBED1C400ADCA3B = {
			isa = PBXGroup;
			children = (
				16ED0D212CBED1C500ADCA3B /* ReginaldKuenstler */,
				16ED0D322CBED1C700ADCA3B /* ReginaldKuenstlerTests */,
				16ED0D3C2CBED1C700ADCA3B /* ReginaldKuenstlerUITests */,
				16ED0D202CBED1C500ADCA3B /* Products */,
			);
			sourceTree = "<group>";
		};
		16ED0D202CBED1C500ADCA3B /* Products */ = {
			isa = PBXGroup;
			children = (
				16ED0D1F2CBED1C500ADCA3B /* Pinselton.app */,
				16ED0D2F2CBED1C700ADCA3B /* ReginaldKuenstlerTests.xctest */,
				16ED0D392CBED1C700ADCA3B /* ReginaldKuenstlerUITests.xctest */,
			);
			name = Products;
			sourceTree = "<group>";
		};
		16ED0D212CBED1C500ADCA3B /* ReginaldKuenstler */ = {
			isa = PBXGroup;
			children = (
				1609D0022CD1673B00D3FCF8 /* Assets */,
				1637C7182CCEC4DA00B99812 /* Info.plist */,
				1637C7102CCDC93000B99812 /* Juice */,
				16ED0D9D2CC1539600ADCA3B /* View */,
				16ED0D9A2CC1537A00ADCA3B /* Components */,
				16ED0D972CC152A000ADCA3B /* Model */,
				16ED0D572CC0905100ADCA3B /* ViewModel */,
				16ED0D542CC016F000ADCA3B /* Util */,
				16ED0D4F2CBFFAB800ADCA3B /* Data */,
				16ED0D242CBED1C500ADCA3B /* ContentView.swift */,
				16ED0D222CBED1C500ADCA3B /* ReginaldKuenstlerApp.swift */,
				16ED0D262CBED1C700ADCA3B /* Assets.xcassets */,
				16ED0D282CBED1C700ADCA3B /* Preview Content */,
				16E3146C2CD29EBE004509D7 /* Texts */,
			);
			path = ReginaldKuenstler;
			sourceTree = "<group>";
		};
		16ED0D282CBED1C700ADCA3B /* Preview Content */ = {
			isa = PBXGroup;
			children = (
				16ED0D292CBED1C700ADCA3B /* Preview Assets.xcassets */,
			);
			path = "Preview Content";
			sourceTree = "<group>";
		};
		16ED0D322CBED1C700ADCA3B /* ReginaldKuenstlerTests */ = {
			isa = PBXGroup;
			children = (
				16ED0D332CBED1C700ADCA3B /* ReginaldKuenstlerTests.swift */,
			);
			path = ReginaldKuenstlerTests;
			sourceTree = "<group>";
		};
		16ED0D3C2CBED1C700ADCA3B /* ReginaldKuenstlerUITests */ = {
			isa = PBXGroup;
			children = (
				16ED0D3D2CBED1C700ADCA3B /* ReginaldKuenstlerUITests.swift */,
				16ED0D3F2CBED1C700ADCA3B /* ReginaldKuenstlerUITestsLaunchTests.swift */,
			);
			path = ReginaldKuenstlerUITests;
			sourceTree = "<group>";
		};
		16ED0D4F2CBFFAB800ADCA3B /* Data */ = {
			isa = PBXGroup;
			children = (
				162896CD2CC5E203005A2399 /* badges.txt */,
				16ED0D522CC0112A00ADCA3B /* colourmap.csv */,
				16ED0D502CBFFAC100ADCA3B /* ColourMapper.swift */,
			);
			path = Data;
			sourceTree = "<group>";
		};
		16ED0D542CC016F000ADCA3B /* Util */ = {
			isa = PBXGroup;
			children = (
				16ED0D552CC0170500ADCA3B /* ColourHelper.swift */,
				16ED0DA22CC162CF00ADCA3B /* UIColor+Converter.swift */,
				162896C92CC58A28005A2399 /* UserDefaultsHelper.swift */,
				1609D0152CD1687300D3FCF8 /* UIFont+CustomFont.swift */,
			);
			path = Util;
			sourceTree = "<group>";
		};
		16ED0D572CC0905100ADCA3B /* ViewModel */ = {
			isa = PBXGroup;
			children = (
				16ED0D582CC0964B00ADCA3B /* KuenstlerViewModel.swift */,
				162896882CC1A6CD005A2399 /* CreateUserPaletteViewModel.swift */,
				1628968C2CC1A811005A2399 /* PaletteListViewModel.swift */,
				166520792CC7FA6A00F2836E /* UserPaletteViewModel.swift */,
				1609D0002CD1634700D3FCF8 /* UserPaletteData.swift */,
			);
			path = ViewModel;
			sourceTree = "<group>";
		};
		16ED0D972CC152A000ADCA3B /* Model */ = {
			isa = PBXGroup;
			children = (
				162896CF2CC5E324005A2399 /* Badges */,
				16ED0D982CC152B200ADCA3B /* ColourPair.swift */,
				16ED0DA02CC162AC00ADCA3B /* VColour.swift */,
				16ED0DA52CC166D200ADCA3B /* Artwork.swift */,
				16ED0DA72CC166E600ADCA3B /* Palette.swift */,
				1628968A2CC1A6FD005A2399 /* UserPalette.swift */,
			);
			path = Model;
			sourceTree = "<group>";
		};
		16ED0D9A2CC1537A00ADCA3B /* Components */ = {
			isa = PBXGroup;
			children = (
				16ED0D9B2CC1538800ADCA3B /* ImagePicker.swift */,
			);
			path = Components;
			sourceTree = "<group>";
		};
		16ED0D9D2CC1539600ADCA3B /* View */ = {
			isa = PBXGroup;
			children = (
				16E314702CD2AFF5004509D7 /* Loading */,
				160278832CC9BD430048F4F8 /* Modifiers */,
				166520742CC72B8E00F2836E /* PaletteAnalysisComparison */,
				162896C42CC57C85005A2399 /* PaletteList */,
				162896C72CC587FC005A2399 /* UserPaletteView.swift */,
				162896CB2CC58FB5005A2399 /* ReginaldKuenstlerTabView.swift */,
				162896D22CC606C1005A2399 /* PaletteCreationView.swift */,
				162896D62CC6BA91005A2399 /* ColourGridItem.swift */,
				1609D0172CD170E700D3FCF8 /* OnboardingView.swift */,
			);
			path = View;
			sourceTree = "<group>";
		};
/* End PBXGroup section */

/* Begin PBXNativeTarget section */
		16ED0D1E2CBED1C400ADCA3B /* ReginaldKuenstler */ = {
			isa = PBXNativeTarget;
			buildConfigurationList = 16ED0D432CBED1C700ADCA3B /* Build configuration list for PBXNativeTarget "ReginaldKuenstler" */;
			buildPhases = (
				16ED0D1B2CBED1C400ADCA3B /* Sources */,
				16ED0D1C2CBED1C400ADCA3B /* Frameworks */,
				16ED0D1D2CBED1C400ADCA3B /* Resources */,
			);
			buildRules = (
			);
			dependencies = (
			);
			name = ReginaldKuenstler;
			packageProductDependencies = (
				16ED0D4D2CBED8B500ADCA3B /* SwiftVibrantium */,
				166DF25E2CD18C540048C0E0 /* GoogleMobileAds */,
			);
			productName = ReginaldKuenstler;
			productReference = 16ED0D1F2CBED1C500ADCA3B /* Pinselton.app */;
			productType = "com.apple.product-type.application";
		};
		16ED0D2E2CBED1C700ADCA3B /* ReginaldKuenstlerTests */ = {
			isa = PBXNativeTarget;
			buildConfigurationList = 16ED0D462CBED1C700ADCA3B /* Build configuration list for PBXNativeTarget "ReginaldKuenstlerTests" */;
			buildPhases = (
				16ED0D2B2CBED1C700ADCA3B /* Sources */,
				16ED0D2C2CBED1C700ADCA3B /* Frameworks */,
				16ED0D2D2CBED1C700ADCA3B /* Resources */,
			);
			buildRules = (
			);
			dependencies = (
				16ED0D312CBED1C700ADCA3B /* PBXTargetDependency */,
			);
			name = ReginaldKuenstlerTests;
			productName = ReginaldKuenstlerTests;
			productReference = 16ED0D2F2CBED1C700ADCA3B /* ReginaldKuenstlerTests.xctest */;
			productType = "com.apple.product-type.bundle.unit-test";
		};
		16ED0D382CBED1C700ADCA3B /* ReginaldKuenstlerUITests */ = {
			isa = PBXNativeTarget;
			buildConfigurationList = 16ED0D492CBED1C700ADCA3B /* Build configuration list for PBXNativeTarget "ReginaldKuenstlerUITests" */;
			buildPhases = (
				16ED0D352CBED1C700ADCA3B /* Sources */,
				16ED0D362CBED1C700ADCA3B /* Frameworks */,
				16ED0D372CBED1C700ADCA3B /* Resources */,
			);
			buildRules = (
			);
			dependencies = (
				16ED0D3B2CBED1C700ADCA3B /* PBXTargetDependency */,
			);
			name = ReginaldKuenstlerUITests;
			productName = ReginaldKuenstlerUITests;
			productReference = 16ED0D392CBED1C700ADCA3B /* ReginaldKuenstlerUITests.xctest */;
			productType = "com.apple.product-type.bundle.ui-testing";
		};
/* End PBXNativeTarget section */

/* Begin PBXProject section */
		16ED0D172CBED1C400ADCA3B /* Project object */ = {
			isa = PBXProject;
			attributes = {
				BuildIndependentTargetsInParallel = 1;
				LastSwiftUpdateCheck = 1500;
				LastUpgradeCheck = 1500;
				TargetAttributes = {
					16ED0D1E2CBED1C400ADCA3B = {
						CreatedOnToolsVersion = 15.0;
					};
					16ED0D2E2CBED1C700ADCA3B = {
						CreatedOnToolsVersion = 15.0;
						TestTargetID = 16ED0D1E2CBED1C400ADCA3B;
					};
					16ED0D382CBED1C700ADCA3B = {
						CreatedOnToolsVersion = 15.0;
						TestTargetID = 16ED0D1E2CBED1C400ADCA3B;
					};
				};
			};
			buildConfigurationList = 16ED0D1A2CBED1C400ADCA3B /* Build configuration list for PBXProject "ReginaldKuenstler" */;
			compatibilityVersion = "Xcode 14.0";
			developmentRegion = en;
			hasScannedForEncodings = 0;
			knownRegions = (
				en,
				Base,
				de,
				it,
			);
			mainGroup = 16ED0D162CBED1C400ADCA3B;
			packageReferences = (
				16ED0D4C2CBED8B500ADCA3B /* XCRemoteSwiftPackageReference "swift-vibrantium" */,
				166DF25D2CD18C530048C0E0 /* XCRemoteSwiftPackageReference "swift-package-manager-google-mobile-ads" */,
			);
			productRefGroup = 16ED0D202CBED1C500ADCA3B /* Products */;
			projectDirPath = "";
			projectRoot = "";
			targets = (
				16ED0D1E2CBED1C400ADCA3B /* ReginaldKuenstler */,
				16ED0D2E2CBED1C700ADCA3B /* ReginaldKuenstlerTests */,
				16ED0D382CBED1C700ADCA3B /* ReginaldKuenstlerUITests */,
			);
		};
/* End PBXProject section */

/* Begin PBXResourcesBuildPhase section */
		16ED0D1D2CBED1C400ADCA3B /* Resources */ = {
			isa = PBXResourcesBuildPhase;
			buildActionMask = 2147483647;
			files = (
				16ED0D2A2CBED1C700ADCA3B /* Preview Assets.xcassets in Resources */,
				1609D00E2CD1676F00D3FCF8 /* Merriweather-Black.ttf in Resources */,
				1609D00D2CD1676F00D3FCF8 /* Merriweather-BlackItalic.ttf in Resources */,
				16ED0D272CBED1C700ADCA3B /* Assets.xcassets in Resources */,
				1609D0112CD1676F00D3FCF8 /* Merriweather-Regular.ttf in Resources */,
				162896CE2CC5E203005A2399 /* badges.txt in Resources */,
				1609D0132CD1676F00D3FCF8 /* OFL.txt in Resources */,
				1609D0102CD1676F00D3FCF8 /* Merriweather-LightItalic.ttf in Resources */,
				1609D00C2CD1676F00D3FCF8 /* Merriweather-Italic.ttf in Resources */,
				1609D0142CD1676F00D3FCF8 /* Merriweather-BoldItalic.ttf in Resources */,
				1609D00F2CD1676F00D3FCF8 /* Merriweather-Light.ttf in Resources */,
				16ED0D532CC0112B00ADCA3B /* colourmap.csv in Resources */,
				16E314732CD2BBB2004509D7 /* Localizable.xcstrings in Resources */,
				1609D0122CD1676F00D3FCF8 /* Merriweather-Bold.ttf in Resources */,
			);
			runOnlyForDeploymentPostprocessing = 0;
		};
		16ED0D2D2CBED1C700ADCA3B /* Resources */ = {
			isa = PBXResourcesBuildPhase;
			buildActionMask = 2147483647;
			files = (
			);
			runOnlyForDeploymentPostprocessing = 0;
		};
		16ED0D372CBED1C700ADCA3B /* Resources */ = {
			isa = PBXResourcesBuildPhase;
			buildActionMask = 2147483647;
			files = (
			);
			runOnlyForDeploymentPostprocessing = 0;
		};
/* End PBXResourcesBuildPhase section */

/* Begin PBXSourcesBuildPhase section */
		16ED0D1B2CBED1C400ADCA3B /* Sources */ = {
			isa = PBXSourcesBuildPhase;
			buildActionMask = 2147483647;
			files = (
				162896CA2CC58A28005A2399 /* UserDefaultsHelper.swift in Sources */,
				162896C62CC57C99005A2399 /* PaletteListItemView.swift in Sources */,
				16ED0D562CC0170500ADCA3B /* ColourHelper.swift in Sources */,
				162896892CC1A6CD005A2399 /* CreateUserPaletteViewModel.swift in Sources */,
				16ED0DA62CC166D200ADCA3B /* Artwork.swift in Sources */,
				16ED0D512CBFFAC100ADCA3B /* ColourMapper.swift in Sources */,
				162896C82CC587FC005A2399 /* UserPaletteView.swift in Sources */,
				1637C7122CCDC93B00B99812 /* GridLoadingAnimation.swift in Sources */,
				16E3146F2CD2AFEA004509D7 /* DescriptiveProgressView.swift in Sources */,
				16ED0DA82CC166E600ADCA3B /* Palette.swift in Sources */,
				1609D0012CD1634700D3FCF8 /* UserPaletteData.swift in Sources */,
				160278852CC9BD540048F4F8 /* WiggleModifier.swift in Sources */,
				162896842CC18515005A2399 /* ColourComparisonView.swift in Sources */,
				1609D0182CD170E700D3FCF8 /* OnboardingView.swift in Sources */,
				1628968B2CC1A6FD005A2399 /* UserPalette.swift in Sources */,
				16ED0DA12CC162AC00ADCA3B /* VColour.swift in Sources */,
				162896D32CC606C1005A2399 /* PaletteCreationView.swift in Sources */,
				1665207A2CC7FA6A00F2836E /* UserPaletteViewModel.swift in Sources */,
				16ED0D252CBED1C500ADCA3B /* ContentView.swift in Sources */,
				1609D0162CD1687300D3FCF8 /* UIFont+CustomFont.swift in Sources */,
				162896D12CC5E33A005A2399 /* Badge.swift in Sources */,
				162896D72CC6BA91005A2399 /* ColourGridItem.swift in Sources */,
				16ED0DA32CC162CF00ADCA3B /* UIColor+Converter.swift in Sources */,
				16ED0D9C2CC1538800ADCA3B /* ImagePicker.swift in Sources */,
				162896CC2CC58FB5005A2399 /* ReginaldKuenstlerTabView.swift in Sources */,
				1628968D2CC1A811005A2399 /* PaletteListViewModel.swift in Sources */,
				16ED0D232CBED1C500ADCA3B /* ReginaldKuenstlerApp.swift in Sources */,
				16ED0D592CC0964B00ADCA3B /* KuenstlerViewModel.swift in Sources */,
				16ED0D992CC152B200ADCA3B /* ColourPair.swift in Sources */,
			);
			runOnlyForDeploymentPostprocessing = 0;
		};
		16ED0D2B2CBED1C700ADCA3B /* Sources */ = {
			isa = PBXSourcesBuildPhase;
			buildActionMask = 2147483647;
			files = (
				16ED0D342CBED1C700ADCA3B /* ReginaldKuenstlerTests.swift in Sources */,
			);
			runOnlyForDeploymentPostprocessing = 0;
		};
		16ED0D352CBED1C700ADCA3B /* Sources */ = {
			isa = PBXSourcesBuildPhase;
			buildActionMask = 2147483647;
			files = (
				16ED0D402CBED1C700ADCA3B /* ReginaldKuenstlerUITestsLaunchTests.swift in Sources */,
				16ED0D3E2CBED1C700ADCA3B /* ReginaldKuenstlerUITests.swift in Sources */,
			);
			runOnlyForDeploymentPostprocessing = 0;
		};
/* End PBXSourcesBuildPhase section */

/* Begin PBXTargetDependency section */
		16ED0D312CBED1C700ADCA3B /* PBXTargetDependency */ = {
			isa = PBXTargetDependency;
			target = 16ED0D1E2CBED1C400ADCA3B /* ReginaldKuenstler */;
			targetProxy = 16ED0D302CBED1C700ADCA3B /* PBXContainerItemProxy */;
		};
		16ED0D3B2CBED1C700ADCA3B /* PBXTargetDependency */ = {
			isa = PBXTargetDependency;
			target = 16ED0D1E2CBED1C400ADCA3B /* ReginaldKuenstler */;
			targetProxy = 16ED0D3A2CBED1C700ADCA3B /* PBXContainerItemProxy */;
		};
/* End PBXTargetDependency section */

/* Begin XCBuildConfiguration section */
		16ED0D412CBED1C700ADCA3B /* Debug */ = {
			isa = XCBuildConfiguration;
			buildSettings = {
				ALWAYS_SEARCH_USER_PATHS = NO;
				ASSETCATALOG_COMPILER_GENERATE_SWIFT_ASSET_SYMBOL_EXTENSIONS = YES;
				CLANG_ANALYZER_NONNULL = YES;
				CLANG_ANALYZER_NUMBER_OBJECT_CONVERSION = YES_AGGRESSIVE;
				CLANG_CXX_LANGUAGE_STANDARD = "gnu++20";
				CLANG_ENABLE_MODULES = YES;
				CLANG_ENABLE_OBJC_ARC = YES;
				CLANG_ENABLE_OBJC_WEAK = YES;
				CLANG_WARN_BLOCK_CAPTURE_AUTORELEASING = YES;
				CLANG_WARN_BOOL_CONVERSION = YES;
				CLANG_WARN_COMMA = YES;
				CLANG_WARN_CONSTANT_CONVERSION = YES;
				CLANG_WARN_DEPRECATED_OBJC_IMPLEMENTATIONS = YES;
				CLANG_WARN_DIRECT_OBJC_ISA_USAGE = YES_ERROR;
				CLANG_WARN_DOCUMENTATION_COMMENTS = YES;
				CLANG_WARN_EMPTY_BODY = YES;
				CLANG_WARN_ENUM_CONVERSION = YES;
				CLANG_WARN_INFINITE_RECURSION = YES;
				CLANG_WARN_INT_CONVERSION = YES;
				CLANG_WARN_NON_LITERAL_NULL_CONVERSION = YES;
				CLANG_WARN_OBJC_IMPLICIT_RETAIN_SELF = YES;
				CLANG_WARN_OBJC_LITERAL_CONVERSION = YES;
				CLANG_WARN_OBJC_ROOT_CLASS = YES_ERROR;
				CLANG_WARN_QUOTED_INCLUDE_IN_FRAMEWORK_HEADER = YES;
				CLANG_WARN_RANGE_LOOP_ANALYSIS = YES;
				CLANG_WARN_STRICT_PROTOTYPES = YES;
				CLANG_WARN_SUSPICIOUS_MOVE = YES;
				CLANG_WARN_UNGUARDED_AVAILABILITY = YES_AGGRESSIVE;
				CLANG_WARN_UNREACHABLE_CODE = YES;
				CLANG_WARN__DUPLICATE_METHOD_MATCH = YES;
				COPY_PHASE_STRIP = NO;
				DEBUG_INFORMATION_FORMAT = dwarf;
				ENABLE_STRICT_OBJC_MSGSEND = YES;
				ENABLE_TESTABILITY = YES;
				ENABLE_USER_SCRIPT_SANDBOXING = YES;
				GCC_C_LANGUAGE_STANDARD = gnu17;
				GCC_DYNAMIC_NO_PIC = NO;
				GCC_NO_COMMON_BLOCKS = YES;
				GCC_OPTIMIZATION_LEVEL = 0;
				GCC_PREPROCESSOR_DEFINITIONS = (
					"DEBUG=1",
					"$(inherited)",
				);
				GCC_WARN_64_TO_32_BIT_CONVERSION = YES;
				GCC_WARN_ABOUT_RETURN_TYPE = YES_ERROR;
				GCC_WARN_UNDECLARED_SELECTOR = YES;
				GCC_WARN_UNINITIALIZED_AUTOS = YES_AGGRESSIVE;
				GCC_WARN_UNUSED_FUNCTION = YES;
				GCC_WARN_UNUSED_VARIABLE = YES;
				IPHONEOS_DEPLOYMENT_TARGET = 17.0;
				LOCALIZATION_PREFERS_STRING_CATALOGS = YES;
				MTL_ENABLE_DEBUG_INFO = INCLUDE_SOURCE;
				MTL_FAST_MATH = YES;
				ONLY_ACTIVE_ARCH = YES;
				SDKROOT = iphoneos;
				SWIFT_ACTIVE_COMPILATION_CONDITIONS = "DEBUG $(inherited)";
				SWIFT_OPTIMIZATION_LEVEL = "-Onone";
			};
			name = Debug;
		};
		16ED0D422CBED1C700ADCA3B /* Release */ = {
			isa = XCBuildConfiguration;
			buildSettings = {
				ALWAYS_SEARCH_USER_PATHS = NO;
				ASSETCATALOG_COMPILER_GENERATE_SWIFT_ASSET_SYMBOL_EXTENSIONS = YES;
				CLANG_ANALYZER_NONNULL = YES;
				CLANG_ANALYZER_NUMBER_OBJECT_CONVERSION = YES_AGGRESSIVE;
				CLANG_CXX_LANGUAGE_STANDARD = "gnu++20";
				CLANG_ENABLE_MODULES = YES;
				CLANG_ENABLE_OBJC_ARC = YES;
				CLANG_ENABLE_OBJC_WEAK = YES;
				CLANG_WARN_BLOCK_CAPTURE_AUTORELEASING = YES;
				CLANG_WARN_BOOL_CONVERSION = YES;
				CLANG_WARN_COMMA = YES;
				CLANG_WARN_CONSTANT_CONVERSION = YES;
				CLANG_WARN_DEPRECATED_OBJC_IMPLEMENTATIONS = YES;
				CLANG_WARN_DIRECT_OBJC_ISA_USAGE = YES_ERROR;
				CLANG_WARN_DOCUMENTATION_COMMENTS = YES;
				CLANG_WARN_EMPTY_BODY = YES;
				CLANG_WARN_ENUM_CONVERSION = YES;
				CLANG_WARN_INFINITE_RECURSION = YES;
				CLANG_WARN_INT_CONVERSION = YES;
				CLANG_WARN_NON_LITERAL_NULL_CONVERSION = YES;
				CLANG_WARN_OBJC_IMPLICIT_RETAIN_SELF = YES;
				CLANG_WARN_OBJC_LITERAL_CONVERSION = YES;
				CLANG_WARN_OBJC_ROOT_CLASS = YES_ERROR;
				CLANG_WARN_QUOTED_INCLUDE_IN_FRAMEWORK_HEADER = YES;
				CLANG_WARN_RANGE_LOOP_ANALYSIS = YES;
				CLANG_WARN_STRICT_PROTOTYPES = YES;
				CLANG_WARN_SUSPICIOUS_MOVE = YES;
				CLANG_WARN_UNGUARDED_AVAILABILITY = YES_AGGRESSIVE;
				CLANG_WARN_UNREACHABLE_CODE = YES;
				CLANG_WARN__DUPLICATE_METHOD_MATCH = YES;
				COPY_PHASE_STRIP = NO;
				DEBUG_INFORMATION_FORMAT = "dwarf-with-dsym";
				ENABLE_NS_ASSERTIONS = NO;
				ENABLE_STRICT_OBJC_MSGSEND = YES;
				ENABLE_USER_SCRIPT_SANDBOXING = YES;
				GCC_C_LANGUAGE_STANDARD = gnu17;
				GCC_NO_COMMON_BLOCKS = YES;
				GCC_WARN_64_TO_32_BIT_CONVERSION = YES;
				GCC_WARN_ABOUT_RETURN_TYPE = YES_ERROR;
				GCC_WARN_UNDECLARED_SELECTOR = YES;
				GCC_WARN_UNINITIALIZED_AUTOS = YES_AGGRESSIVE;
				GCC_WARN_UNUSED_FUNCTION = YES;
				GCC_WARN_UNUSED_VARIABLE = YES;
				IPHONEOS_DEPLOYMENT_TARGET = 17.0;
				LOCALIZATION_PREFERS_STRING_CATALOGS = YES;
				MTL_ENABLE_DEBUG_INFO = NO;
				MTL_FAST_MATH = YES;
				SDKROOT = iphoneos;
				SWIFT_COMPILATION_MODE = wholemodule;
				VALIDATE_PRODUCT = YES;
			};
			name = Release;
		};
		16ED0D442CBED1C700ADCA3B /* Debug */ = {
			isa = XCBuildConfiguration;
			buildSettings = {
				ASSETCATALOG_COMPILER_APPICON_NAME = AppIcon;
				ASSETCATALOG_COMPILER_GLOBAL_ACCENT_COLOR_NAME = AccentColor;
				CODE_SIGN_STYLE = Automatic;
				CURRENT_PROJECT_VERSION = 1;
				DEVELOPMENT_ASSET_PATHS = "\"ReginaldKuenstler/Preview Content\"";
				DEVELOPMENT_TEAM = HY3LPP8363;
				ENABLE_PREVIEWS = YES;
				GENERATE_INFOPLIST_FILE = YES;
				INFOPLIST_FILE = ReginaldKuenstler/Info.plist;
				INFOPLIST_KEY_NSCameraUsageDescription = "\"Pinselton would like to access your photo library.\"";
				INFOPLIST_KEY_UIApplicationSceneManifest_Generation = YES;
				INFOPLIST_KEY_UIApplicationSupportsIndirectInputEvents = YES;
				INFOPLIST_KEY_UISupportedInterfaceOrientations_iPad = "UIInterfaceOrientationPortrait UIInterfaceOrientationPortraitUpsideDown UIInterfaceOrientationLandscapeLeft UIInterfaceOrientationLandscapeRight";
				INFOPLIST_KEY_UISupportedInterfaceOrientations_iPhone = "UIInterfaceOrientationPortrait UIInterfaceOrientationLandscapeLeft UIInterfaceOrientationLandscapeRight";
				LD_RUNPATH_SEARCH_PATHS = (
					"$(inherited)",
					"@executable_path/Frameworks",
				);
				MARKETING_VERSION = 1.0;
				PRODUCT_BUNDLE_IDENTIFIER = daveyg.ReginaldKuenstler;
				PRODUCT_NAME = Pinselton;
				SWIFT_EMIT_LOC_STRINGS = YES;
				SWIFT_VERSION = 5.0;
				TARGETED_DEVICE_FAMILY = "1,2";
			};
			name = Debug;
		};
		16ED0D452CBED1C700ADCA3B /* Release */ = {
			isa = XCBuildConfiguration;
			buildSettings = {
				ASSETCATALOG_COMPILER_APPICON_NAME = AppIcon;
				ASSETCATALOG_COMPILER_GLOBAL_ACCENT_COLOR_NAME = AccentColor;
				CODE_SIGN_STYLE = Automatic;
				CURRENT_PROJECT_VERSION = 1;
				DEVELOPMENT_ASSET_PATHS = "\"ReginaldKuenstler/Preview Content\"";
				DEVELOPMENT_TEAM = HY3LPP8363;
				ENABLE_PREVIEWS = YES;
				GENERATE_INFOPLIST_FILE = YES;
				INFOPLIST_FILE = ReginaldKuenstler/Info.plist;
				INFOPLIST_KEY_NSCameraUsageDescription = "\"Pinselton would like to access your photo library.\"";
				INFOPLIST_KEY_UIApplicationSceneManifest_Generation = YES;
				INFOPLIST_KEY_UIApplicationSupportsIndirectInputEvents = YES;
				INFOPLIST_KEY_UISupportedInterfaceOrientations_iPad = "UIInterfaceOrientationPortrait UIInterfaceOrientationPortraitUpsideDown UIInterfaceOrientationLandscapeLeft UIInterfaceOrientationLandscapeRight";
				INFOPLIST_KEY_UISupportedInterfaceOrientations_iPhone = "UIInterfaceOrientationPortrait UIInterfaceOrientationLandscapeLeft UIInterfaceOrientationLandscapeRight";
				LD_RUNPATH_SEARCH_PATHS = (
					"$(inherited)",
					"@executable_path/Frameworks",
				);
				MARKETING_VERSION = 1.0;
				PRODUCT_BUNDLE_IDENTIFIER = daveyg.ReginaldKuenstler;
				PRODUCT_NAME = Pinselton;
				SWIFT_EMIT_LOC_STRINGS = YES;
				SWIFT_VERSION = 5.0;
				TARGETED_DEVICE_FAMILY = "1,2";
			};
			name = Release;
		};
		16ED0D472CBED1C700ADCA3B /* Debug */ = {
			isa = XCBuildConfiguration;
			buildSettings = {
				ALWAYS_EMBED_SWIFT_STANDARD_LIBRARIES = YES;
				BUNDLE_LOADER = "$(TEST_HOST)";
				CODE_SIGN_STYLE = Automatic;
				CURRENT_PROJECT_VERSION = 1;
				DEVELOPMENT_TEAM = HY3LPP8363;
				GENERATE_INFOPLIST_FILE = YES;
				IPHONEOS_DEPLOYMENT_TARGET = 17.0;
				MARKETING_VERSION = 1.0;
				PRODUCT_BUNDLE_IDENTIFIER = daveyg.ReginaldKuenstlerTests;
				PRODUCT_NAME = "$(TARGET_NAME)";
				SWIFT_EMIT_LOC_STRINGS = NO;
				SWIFT_VERSION = 5.0;
				TARGETED_DEVICE_FAMILY = "1,2";
				TEST_HOST = "$(BUILT_PRODUCTS_DIR)/ReginaldKuenstler.app/$(BUNDLE_EXECUTABLE_FOLDER_PATH)/ReginaldKuenstler";
			};
			name = Debug;
		};
		16ED0D482CBED1C700ADCA3B /* Release */ = {
			isa = XCBuildConfiguration;
			buildSettings = {
				ALWAYS_EMBED_SWIFT_STANDARD_LIBRARIES = YES;
				BUNDLE_LOADER = "$(TEST_HOST)";
				CODE_SIGN_STYLE = Automatic;
				CURRENT_PROJECT_VERSION = 1;
				DEVELOPMENT_TEAM = HY3LPP8363;
				GENERATE_INFOPLIST_FILE = YES;
				IPHONEOS_DEPLOYMENT_TARGET = 17.0;
				MARKETING_VERSION = 1.0;
				PRODUCT_BUNDLE_IDENTIFIER = daveyg.ReginaldKuenstlerTests;
				PRODUCT_NAME = "$(TARGET_NAME)";
				SWIFT_EMIT_LOC_STRINGS = NO;
				SWIFT_VERSION = 5.0;
				TARGETED_DEVICE_FAMILY = "1,2";
				TEST_HOST = "$(BUILT_PRODUCTS_DIR)/ReginaldKuenstler.app/$(BUNDLE_EXECUTABLE_FOLDER_PATH)/ReginaldKuenstler";
			};
			name = Release;
		};
		16ED0D4A2CBED1C700ADCA3B /* Debug */ = {
			isa = XCBuildConfiguration;
			buildSettings = {
				ALWAYS_EMBED_SWIFT_STANDARD_LIBRARIES = YES;
				CODE_SIGN_STYLE = Automatic;
				CURRENT_PROJECT_VERSION = 1;
				DEVELOPMENT_TEAM = HY3LPP8363;
				GENERATE_INFOPLIST_FILE = YES;
				MARKETING_VERSION = 1.0;
				PRODUCT_BUNDLE_IDENTIFIER = daveyg.ReginaldKuenstlerUITests;
				PRODUCT_NAME = "$(TARGET_NAME)";
				SWIFT_EMIT_LOC_STRINGS = NO;
				SWIFT_VERSION = 5.0;
				TARGETED_DEVICE_FAMILY = "1,2";
				TEST_TARGET_NAME = ReginaldKuenstler;
			};
			name = Debug;
		};
		16ED0D4B2CBED1C700ADCA3B /* Release */ = {
			isa = XCBuildConfiguration;
			buildSettings = {
				ALWAYS_EMBED_SWIFT_STANDARD_LIBRARIES = YES;
				CODE_SIGN_STYLE = Automatic;
				CURRENT_PROJECT_VERSION = 1;
				DEVELOPMENT_TEAM = HY3LPP8363;
				GENERATE_INFOPLIST_FILE = YES;
				MARKETING_VERSION = 1.0;
				PRODUCT_BUNDLE_IDENTIFIER = daveyg.ReginaldKuenstlerUITests;
				PRODUCT_NAME = "$(TARGET_NAME)";
				SWIFT_EMIT_LOC_STRINGS = NO;
				SWIFT_VERSION = 5.0;
				TARGETED_DEVICE_FAMILY = "1,2";
				TEST_TARGET_NAME = ReginaldKuenstler;
			};
			name = Release;
		};
/* End XCBuildConfiguration section */

/* Begin XCConfigurationList section */
		16ED0D1A2CBED1C400ADCA3B /* Build configuration list for PBXProject "ReginaldKuenstler" */ = {
			isa = XCConfigurationList;
			buildConfigurations = (
				16ED0D412CBED1C700ADCA3B /* Debug */,
				16ED0D422CBED1C700ADCA3B /* Release */,
			);
			defaultConfigurationIsVisible = 0;
			defaultConfigurationName = Release;
		};
		16ED0D432CBED1C700ADCA3B /* Build configuration list for PBXNativeTarget "ReginaldKuenstler" */ = {
			isa = XCConfigurationList;
			buildConfigurations = (
				16ED0D442CBED1C700ADCA3B /* Debug */,
				16ED0D452CBED1C700ADCA3B /* Release */,
			);
			defaultConfigurationIsVisible = 0;
			defaultConfigurationName = Release;
		};
		16ED0D462CBED1C700ADCA3B /* Build configuration list for PBXNativeTarget "ReginaldKuenstlerTests" */ = {
			isa = XCConfigurationList;
			buildConfigurations = (
				16ED0D472CBED1C700ADCA3B /* Debug */,
				16ED0D482CBED1C700ADCA3B /* Release */,
			);
			defaultConfigurationIsVisible = 0;
			defaultConfigurationName = Release;
		};
		16ED0D492CBED1C700ADCA3B /* Build configuration list for PBXNativeTarget "ReginaldKuenstlerUITests" */ = {
			isa = XCConfigurationList;
			buildConfigurations = (
				16ED0D4A2CBED1C700ADCA3B /* Debug */,
				16ED0D4B2CBED1C700ADCA3B /* Release */,
			);
			defaultConfigurationIsVisible = 0;
			defaultConfigurationName = Release;
		};
/* End XCConfigurationList section */

/* Begin XCRemoteSwiftPackageReference section */
		166DF25D2CD18C530048C0E0 /* XCRemoteSwiftPackageReference "swift-package-manager-google-mobile-ads" */ = {
			isa = XCRemoteSwiftPackageReference;
			repositoryURL = "https://github.com/googleads/swift-package-manager-google-mobile-ads.git";
			requirement = {
				kind = upToNextMajorVersion;
				minimumVersion = 11.11.0;
			};
		};
		16ED0D4C2CBED8B500ADCA3B /* XCRemoteSwiftPackageReference "swift-vibrantium" */ = {
			isa = XCRemoteSwiftPackageReference;
			repositoryURL = "https://github.com/ruipfcosta/swift-vibrantium";
			requirement = {
				branch = master;
				kind = branch;
			};
		};
/* End XCRemoteSwiftPackageReference section */

/* Begin XCSwiftPackageProductDependency section */
		166DF25E2CD18C540048C0E0 /* GoogleMobileAds */ = {
			isa = XCSwiftPackageProductDependency;
			package = 166DF25D2CD18C530048C0E0 /* XCRemoteSwiftPackageReference "swift-package-manager-google-mobile-ads" */;
			productName = GoogleMobileAds;
		};
		16ED0D4D2CBED8B500ADCA3B /* SwiftVibrantium */ = {
			isa = XCSwiftPackageProductDependency;
			package = 16ED0D4C2CBED8B500ADCA3B /* XCRemoteSwiftPackageReference "swift-vibrantium" */;
			productName = SwiftVibrantium;
		};
/* End XCSwiftPackageProductDependency section */
	};
	rootObject = 16ED0D172CBED1C400ADCA3B /* Project object */;
}
